// !$*UTF8*$!
{
	archiveVersion = 1;
	classes = {
	};
	objectVersion = 46;
	objects = {

/* Begin PBXBuildFile section */
		4B801B5321E6598C5227F31D /* Pods_PooKit.framework in Frameworks */ = {isa = PBXBuildFile; fileRef = 2E56751ECFC157B0C0ED454B /* Pods_PooKit.framework */; };
		8A437032F106E42A0CD82B6D /* Pods_Pook.framework in Frameworks */ = {isa = PBXBuildFile; fileRef = 1C39EA88DC4DA212EB5167C8 /* Pods_Pook.framework */; };
		E25CE92F1F28911300C3220E /* DZMCoverController.h in Headers */ = {isa = PBXBuildFile; fileRef = E25CE9021F28911300C3220E /* DZMCoverController.h */; settings = {ATTRIBUTES = (Public, ); }; };
		E25CE9301F28911300C3220E /* DZMCoverController.m in Sources */ = {isa = PBXBuildFile; fileRef = E25CE9031F28911300C3220E /* DZMCoverController.m */; };
		E25CE9311F28911300C3220E /* DZMeBookRead-Bridging-Pch.h in Headers */ = {isa = PBXBuildFile; fileRef = E25CE9041F28911300C3220E /* DZMeBookRead-Bridging-Pch.h */; settings = {ATTRIBUTES = (Public, ); }; };
		E25CE9321F28911300C3220E /* DZMGlobalMethod.swift in Sources */ = {isa = PBXBuildFile; fileRef = E25CE9051F28911300C3220E /* DZMGlobalMethod.swift */; };
		E25CE9331F28911300C3220E /* DZMGlobalProperty.swift in Sources */ = {isa = PBXBuildFile; fileRef = E25CE9061F28911300C3220E /* DZMGlobalProperty.swift */; };
		E25CE9341F28911300C3220E /* DZMReadConfigure.swift in Sources */ = {isa = PBXBuildFile; fileRef = E25CE9071F28911300C3220E /* DZMReadConfigure.swift */; };
		E25CE9351F28911300C3220E /* DZMReadController.swift in Sources */ = {isa = PBXBuildFile; fileRef = E25CE9081F28911300C3220E /* DZMReadController.swift */; };
		E25CE9361F28911300C3220E /* DZMReadOperation.swift in Sources */ = {isa = PBXBuildFile; fileRef = E25CE9091F28911300C3220E /* DZMReadOperation.swift */; };
		E25CE9371F28911300C3220E /* DZMReadParser.swift in Sources */ = {isa = PBXBuildFile; fileRef = E25CE90A1F28911300C3220E /* DZMReadParser.swift */; };
		E25CE9381F28911300C3220E /* DZMReadViewController.swift in Sources */ = {isa = PBXBuildFile; fileRef = E25CE90B1F28911300C3220E /* DZMReadViewController.swift */; };
		E25CE9391F28911300C3220E /* DZMViewController.swift in Sources */ = {isa = PBXBuildFile; fileRef = E25CE90C1F28911300C3220E /* DZMViewController.swift */; };
		E25CE93A1F28911300C3220E /* NSObject+Extension.swift in Sources */ = {isa = PBXBuildFile; fileRef = E25CE90E1F28911300C3220E /* NSObject+Extension.swift */; };
		E25CE93B1F28911300C3220E /* String+Extension.swift in Sources */ = {isa = PBXBuildFile; fileRef = E25CE90F1F28911300C3220E /* String+Extension.swift */; };
		E25CE93C1F28911300C3220E /* UIPageViewController+Extension.swift in Sources */ = {isa = PBXBuildFile; fileRef = E25CE9101F28911300C3220E /* UIPageViewController+Extension.swift */; };
		E25CE93D1F28911300C3220E /* UIScrollView+Extension.swift in Sources */ = {isa = PBXBuildFile; fileRef = E25CE9111F28911300C3220E /* UIScrollView+Extension.swift */; };
		E25CE93E1F28911300C3220E /* UITableView+Extension.swift in Sources */ = {isa = PBXBuildFile; fileRef = E25CE9121F28911300C3220E /* UITableView+Extension.swift */; };
		E25CE93F1F28911300C3220E /* UIView+Extension.swift in Sources */ = {isa = PBXBuildFile; fileRef = E25CE9131F28911300C3220E /* UIView+Extension.swift */; };
		E25CE9401F28911300C3220E /* DZMReadChapterListModel.swift in Sources */ = {isa = PBXBuildFile; fileRef = E25CE9151F28911300C3220E /* DZMReadChapterListModel.swift */; };
		E25CE9411F28911300C3220E /* DZMReadChapterModel.swift in Sources */ = {isa = PBXBuildFile; fileRef = E25CE9161F28911300C3220E /* DZMReadChapterModel.swift */; };
		E25CE9421F28911300C3220E /* DZMReadMarkModel.swift in Sources */ = {isa = PBXBuildFile; fileRef = E25CE9171F28911300C3220E /* DZMReadMarkModel.swift */; };
		E25CE9431F28911300C3220E /* DZMReadModel.swift in Sources */ = {isa = PBXBuildFile; fileRef = E25CE9181F28911300C3220E /* DZMReadModel.swift */; };
		E25CE9441F28911300C3220E /* DZMReadRecordModel.swift in Sources */ = {isa = PBXBuildFile; fileRef = E25CE9191F28911300C3220E /* DZMReadRecordModel.swift */; };
		E25CE9451F28911300C3220E /* DZMHaloButton.swift in Sources */ = {isa = PBXBuildFile; fileRef = E25CE91B1F28911300C3220E /* DZMHaloButton.swift */; };
		E25CE9461F28911300C3220E /* DZMReadMenu.swift in Sources */ = {isa = PBXBuildFile; fileRef = E25CE91C1F28911300C3220E /* DZMReadMenu.swift */; };
		E25CE9471F28911300C3220E /* DZMReadView.swift in Sources */ = {isa = PBXBuildFile; fileRef = E25CE91D1F28911300C3220E /* DZMReadView.swift */; };
		E25CE9481F28911300C3220E /* DZMReadViewCell.swift in Sources */ = {isa = PBXBuildFile; fileRef = E25CE91E1F28911300C3220E /* DZMReadViewCell.swift */; };
		E25CE9491F28911300C3220E /* DZMReadViewUDCell.swift in Sources */ = {isa = PBXBuildFile; fileRef = E25CE91F1F28911300C3220E /* DZMReadViewUDCell.swift */; };
		E25CE94A1F28911300C3220E /* DZMRMBaseView.swift in Sources */ = {isa = PBXBuildFile; fileRef = E25CE9201F28911300C3220E /* DZMRMBaseView.swift */; };
		E25CE94B1F28911300C3220E /* DZMRMBottomView.swift in Sources */ = {isa = PBXBuildFile; fileRef = E25CE9211F28911300C3220E /* DZMRMBottomView.swift */; };
		E25CE94C1F28911300C3220E /* DZMRMColorView.swift in Sources */ = {isa = PBXBuildFile; fileRef = E25CE9221F28911300C3220E /* DZMRMColorView.swift */; };
		E25CE94D1F28911300C3220E /* DZMRMFuncView.swift in Sources */ = {isa = PBXBuildFile; fileRef = E25CE9231F28911300C3220E /* DZMRMFuncView.swift */; };
		E25CE94E1F28911300C3220E /* DZMRMLeftView.swift in Sources */ = {isa = PBXBuildFile; fileRef = E25CE9241F28911300C3220E /* DZMRMLeftView.swift */; };
		E25CE94F1F28911300C3220E /* DZMRMLightView.swift in Sources */ = {isa = PBXBuildFile; fileRef = E25CE9251F28911300C3220E /* DZMRMLightView.swift */; };
		E25CE9501F28911300C3220E /* DZMRMSettingView.swift in Sources */ = {isa = PBXBuildFile; fileRef = E25CE9261F28911300C3220E /* DZMRMSettingView.swift */; };
		E25CE9511F28911300C3220E /* DZMRMStatusView.swift in Sources */ = {isa = PBXBuildFile; fileRef = E25CE9271F28911300C3220E /* DZMRMStatusView.swift */; };
		E25CE9521F28911300C3220E /* DZMRMTopView.swift in Sources */ = {isa = PBXBuildFile; fileRef = E25CE9281F28911300C3220E /* DZMRMTopView.swift */; };
		E25CE9531F28911300C3220E /* DZMSegmentedControl.swift in Sources */ = {isa = PBXBuildFile; fileRef = E25CE9291F28911300C3220E /* DZMSegmentedControl.swift */; };
		E25CE9541F28911300C3220E /* DZMUserDefaults.swift in Sources */ = {isa = PBXBuildFile; fileRef = E25CE92A1F28911300C3220E /* DZMUserDefaults.swift */; };
		E25CE9551F28911300C3220E /* UIView+YGPulseView.h in Headers */ = {isa = PBXBuildFile; fileRef = E25CE92C1F28911300C3220E /* UIView+YGPulseView.h */; settings = {ATTRIBUTES = (Public, ); }; };
		E25CE9561F28911300C3220E /* UIView+YGPulseView.m in Sources */ = {isa = PBXBuildFile; fileRef = E25CE92D1F28911300C3220E /* UIView+YGPulseView.m */; };
		E25CE9581F28913300C3220E /* DZMBatteryView.swift in Sources */ = {isa = PBXBuildFile; fileRef = E25CE9571F28913300C3220E /* DZMBatteryView.swift */; };
		E25CE95B1F28AFC600C3220E /* AppTabBarController.swift in Sources */ = {isa = PBXBuildFile; fileRef = E25CE95A1F28AFC600C3220E /* AppTabBarController.swift */; };
		E25CE9681F28BB6400C3220E /* ShelfCollectionView.swift in Sources */ = {isa = PBXBuildFile; fileRef = E25CE9671F28BB6400C3220E /* ShelfCollectionView.swift */; };
		E25CE96B1F28BBC600C3220E /* ShelfViewController.swift in Sources */ = {isa = PBXBuildFile; fileRef = E25CE96A1F28BBC600C3220E /* ShelfViewController.swift */; };
		E25CE96E1F28BC0200C3220E /* BooksViewController.swift in Sources */ = {isa = PBXBuildFile; fileRef = E25CE96D1F28BC0200C3220E /* BooksViewController.swift */; };
		E262EBAB1F284D7400D8BD66 /* PooKit.framework in Frameworks */ = {isa = PBXBuildFile; fileRef = E262EBA21F284D7400D8BD66 /* PooKit.framework */; };
		E262EBB21F284D7400D8BD66 /* PooKitTests.swift in Sources */ = {isa = PBXBuildFile; fileRef = E262EBB11F284D7400D8BD66 /* PooKitTests.swift */; };
		E262EBB41F284D7400D8BD66 /* PooKit.h in Headers */ = {isa = PBXBuildFile; fileRef = E262EBA41F284D7400D8BD66 /* PooKit.h */; settings = {ATTRIBUTES = (Public, ); }; };
		E262EBB71F284D7400D8BD66 /* PooKit.framework in Frameworks */ = {isa = PBXBuildFile; fileRef = E262EBA21F284D7400D8BD66 /* PooKit.framework */; };
		E262EBB81F284D7400D8BD66 /* PooKit.framework in Embed Frameworks */ = {isa = PBXBuildFile; fileRef = E262EBA21F284D7400D8BD66 /* PooKit.framework */; settings = {ATTRIBUTES = (CodeSignOnCopy, RemoveHeadersOnCopy, ); }; };
		E26316611F135C3000CA799E /* AppDelegate.swift in Sources */ = {isa = PBXBuildFile; fileRef = E26316601F135C3000CA799E /* AppDelegate.swift */; };
		E26316681F135C3000CA799E /* Main.storyboard in Resources */ = {isa = PBXBuildFile; fileRef = E26316661F135C3000CA799E /* Main.storyboard */; };
		E263166A1F135C3000CA799E /* Assets.xcassets in Resources */ = {isa = PBXBuildFile; fileRef = E26316691F135C3000CA799E /* Assets.xcassets */; };
		E263166D1F135C3000CA799E /* LaunchScreen.storyboard in Resources */ = {isa = PBXBuildFile; fileRef = E263166B1F135C3000CA799E /* LaunchScreen.storyboard */; };
		E26316781F135C3000CA799E /* PookTests.swift in Sources */ = {isa = PBXBuildFile; fileRef = E26316771F135C3000CA799E /* PookTests.swift */; };
		E26316831F135C3000CA799E /* PookUITests.swift in Sources */ = {isa = PBXBuildFile; fileRef = E26316821F135C3000CA799E /* PookUITests.swift */; };
		E26316931F13665300CA799E /* Book.swift in Sources */ = {isa = PBXBuildFile; fileRef = E26316921F13665300CA799E /* Book.swift */; };
		E26316951F13742800CA799E /* Chapter.swift in Sources */ = {isa = PBXBuildFile; fileRef = E26316941F13742800CA799E /* Chapter.swift */; };
		E26316971F13744F00CA799E /* Mark.swift in Sources */ = {isa = PBXBuildFile; fileRef = E26316961F13744F00CA799E /* Mark.swift */; };
		E263169A1F1374A000CA799E /* Record.swift in Sources */ = {isa = PBXBuildFile; fileRef = E26316991F1374A000CA799E /* Record.swift */; };
		E263169F1F1375B800CA799E /* 求魔.txt in Resources */ = {isa = PBXBuildFile; fileRef = E263169E1F1375B800CA799E /* 求魔.txt */; };
		E265FE921F2DF29200B11BE3 /* ViewController.swift in Sources */ = {isa = PBXBuildFile; fileRef = E265FE911F2DF29200B11BE3 /* ViewController.swift */; };
		E265FEC61F2DF76100B11BE3 /* G_Back_0@2x.png in Resources */ = {isa = PBXBuildFile; fileRef = E265FE941F2DF76100B11BE3 /* G_Back_0@2x.png */; };
		E265FEC71F2DF76100B11BE3 /* G_Back_0@3x.png in Resources */ = {isa = PBXBuildFile; fileRef = E265FE951F2DF76100B11BE3 /* G_Back_0@3x.png */; };
		E265FEC81F2DF76100B11BE3 /* G_Battery_Black@2x.png in Resources */ = {isa = PBXBuildFile; fileRef = E265FE961F2DF76100B11BE3 /* G_Battery_Black@2x.png */; };
		E265FEC91F2DF76100B11BE3 /* G_Battery_Black@3x.png in Resources */ = {isa = PBXBuildFile; fileRef = E265FE971F2DF76100B11BE3 /* G_Battery_Black@3x.png */; };
		E265FECA1F2DF76100B11BE3 /* read_bar_0@2x.png in Resources */ = {isa = PBXBuildFile; fileRef = E265FE981F2DF76100B11BE3 /* read_bar_0@2x.png */; };
		E265FECB1F2DF76100B11BE3 /* read_bar_0@3x.png in Resources */ = {isa = PBXBuildFile; fileRef = E265FE991F2DF76100B11BE3 /* read_bar_0@3x.png */; };
		E265FECC1F2DF76100B11BE3 /* read_bar_1@2x.png in Resources */ = {isa = PBXBuildFile; fileRef = E265FE9A1F2DF76100B11BE3 /* read_bar_1@2x.png */; };
		E265FECD1F2DF76100B11BE3 /* read_bar_1@3x.png in Resources */ = {isa = PBXBuildFile; fileRef = E265FE9B1F2DF76100B11BE3 /* read_bar_1@3x.png */; };
		E265FECE1F2DF76100B11BE3 /* read_bar_2@2x.png in Resources */ = {isa = PBXBuildFile; fileRef = E265FE9C1F2DF76100B11BE3 /* read_bar_2@2x.png */; };
		E265FECF1F2DF76100B11BE3 /* read_bar_2@3x.png in Resources */ = {isa = PBXBuildFile; fileRef = E265FE9D1F2DF76100B11BE3 /* read_bar_2@3x.png */; };
		E265FED01F2DF76100B11BE3 /* read_bar_3@2x.png in Resources */ = {isa = PBXBuildFile; fileRef = E265FE9E1F2DF76100B11BE3 /* read_bar_3@2x.png */; };
		E265FED11F2DF76100B11BE3 /* read_bar_3@3x.png in Resources */ = {isa = PBXBuildFile; fileRef = E265FE9F1F2DF76100B11BE3 /* read_bar_3@3x.png */; };
		E265FED21F2DF76100B11BE3 /* read_bg_0@2x.png in Resources */ = {isa = PBXBuildFile; fileRef = E265FEA01F2DF76100B11BE3 /* read_bg_0@2x.png */; };
		E265FED31F2DF76100B11BE3 /* read_bg_0@3x.png in Resources */ = {isa = PBXBuildFile; fileRef = E265FEA11F2DF76100B11BE3 /* read_bg_0@3x.png */; };
		E265FED41F2DF76100B11BE3 /* RM_0@2x.png in Resources */ = {isa = PBXBuildFile; fileRef = E265FEA21F2DF76100B11BE3 /* RM_0@2x.png */; };
		E265FED51F2DF76100B11BE3 /* RM_0@3x.png in Resources */ = {isa = PBXBuildFile; fileRef = E265FEA31F2DF76100B11BE3 /* RM_0@3x.png */; };
		E265FED61F2DF76100B11BE3 /* RM_10@2x.png in Resources */ = {isa = PBXBuildFile; fileRef = E265FEA41F2DF76100B11BE3 /* RM_10@2x.png */; };
		E265FED71F2DF76100B11BE3 /* RM_10@3x.png in Resources */ = {isa = PBXBuildFile; fileRef = E265FEA51F2DF76100B11BE3 /* RM_10@3x.png */; };
		E265FED81F2DF76100B11BE3 /* RM_11@2x.png in Resources */ = {isa = PBXBuildFile; fileRef = E265FEA61F2DF76100B11BE3 /* RM_11@2x.png */; };
		E265FED91F2DF76100B11BE3 /* RM_11@3x.png in Resources */ = {isa = PBXBuildFile; fileRef = E265FEA71F2DF76100B11BE3 /* RM_11@3x.png */; };
		E265FEDA1F2DF76100B11BE3 /* RM_13@2x.png in Resources */ = {isa = PBXBuildFile; fileRef = E265FEA81F2DF76100B11BE3 /* RM_13@2x.png */; };
		E265FEDB1F2DF76100B11BE3 /* RM_13@3x.png in Resources */ = {isa = PBXBuildFile; fileRef = E265FEA91F2DF76100B11BE3 /* RM_13@3x.png */; };
		E265FEDC1F2DF76100B11BE3 /* RM_14@2x.png in Resources */ = {isa = PBXBuildFile; fileRef = E265FEAA1F2DF76100B11BE3 /* RM_14@2x.png */; };
		E265FEDD1F2DF76100B11BE3 /* RM_14@3x.png in Resources */ = {isa = PBXBuildFile; fileRef = E265FEAB1F2DF76100B11BE3 /* RM_14@3x.png */; };
		E265FEDE1F2DF76100B11BE3 /* RM_15@2x.png in Resources */ = {isa = PBXBuildFile; fileRef = E265FEAC1F2DF76100B11BE3 /* RM_15@2x.png */; };
		E265FEDF1F2DF76100B11BE3 /* RM_15@3x.png in Resources */ = {isa = PBXBuildFile; fileRef = E265FEAD1F2DF76100B11BE3 /* RM_15@3x.png */; };
		E265FEE01F2DF76100B11BE3 /* RM_16@2x.png in Resources */ = {isa = PBXBuildFile; fileRef = E265FEAE1F2DF76100B11BE3 /* RM_16@2x.png */; };
		E265FEE11F2DF76100B11BE3 /* RM_16@3x.png in Resources */ = {isa = PBXBuildFile; fileRef = E265FEAF1F2DF76100B11BE3 /* RM_16@3x.png */; };
		E265FEE21F2DF76100B11BE3 /* RM_17@2x.png in Resources */ = {isa = PBXBuildFile; fileRef = E265FEB01F2DF76100B11BE3 /* RM_17@2x.png */; };
		E265FEE31F2DF76100B11BE3 /* RM_17@3x.png in Resources */ = {isa = PBXBuildFile; fileRef = E265FEB11F2DF76100B11BE3 /* RM_17@3x.png */; };
		E265FEE41F2DF76100B11BE3 /* RM_18@2x.png in Resources */ = {isa = PBXBuildFile; fileRef = E265FEB21F2DF76100B11BE3 /* RM_18@2x.png */; };
		E265FEE51F2DF76100B11BE3 /* RM_18@3x.png in Resources */ = {isa = PBXBuildFile; fileRef = E265FEB31F2DF76100B11BE3 /* RM_18@3x.png */; };
		E265FEE61F2DF76100B11BE3 /* RM_1@2x.png in Resources */ = {isa = PBXBuildFile; fileRef = E265FEB41F2DF76100B11BE3 /* RM_1@2x.png */; };
		E265FEE71F2DF76100B11BE3 /* RM_1@3x.png in Resources */ = {isa = PBXBuildFile; fileRef = E265FEB51F2DF76100B11BE3 /* RM_1@3x.png */; };
		E265FEE81F2DF76100B11BE3 /* RM_2@2x.png in Resources */ = {isa = PBXBuildFile; fileRef = E265FEB61F2DF76100B11BE3 /* RM_2@2x.png */; };
		E265FEE91F2DF76100B11BE3 /* RM_2@3x.png in Resources */ = {isa = PBXBuildFile; fileRef = E265FEB71F2DF76100B11BE3 /* RM_2@3x.png */; };
		E265FEEA1F2DF76100B11BE3 /* RM_3@2x.png in Resources */ = {isa = PBXBuildFile; fileRef = E265FEB81F2DF76100B11BE3 /* RM_3@2x.png */; };
		E265FEEB1F2DF76100B11BE3 /* RM_3@3x.png in Resources */ = {isa = PBXBuildFile; fileRef = E265FEB91F2DF76100B11BE3 /* RM_3@3x.png */; };
		E265FEEC1F2DF76100B11BE3 /* RM_4@2x.png in Resources */ = {isa = PBXBuildFile; fileRef = E265FEBA1F2DF76100B11BE3 /* RM_4@2x.png */; };
		E265FEED1F2DF76100B11BE3 /* RM_4@3x.png in Resources */ = {isa = PBXBuildFile; fileRef = E265FEBB1F2DF76100B11BE3 /* RM_4@3x.png */; };
		E265FEEE1F2DF76100B11BE3 /* RM_5@2x.png in Resources */ = {isa = PBXBuildFile; fileRef = E265FEBC1F2DF76100B11BE3 /* RM_5@2x.png */; };
		E265FEEF1F2DF76100B11BE3 /* RM_5@3x.png in Resources */ = {isa = PBXBuildFile; fileRef = E265FEBD1F2DF76100B11BE3 /* RM_5@3x.png */; };
		E265FEF01F2DF76100B11BE3 /* RM_6@2x.png in Resources */ = {isa = PBXBuildFile; fileRef = E265FEBE1F2DF76100B11BE3 /* RM_6@2x.png */; };
		E265FEF11F2DF76100B11BE3 /* RM_6@3x.png in Resources */ = {isa = PBXBuildFile; fileRef = E265FEBF1F2DF76100B11BE3 /* RM_6@3x.png */; };
		E265FEF21F2DF76100B11BE3 /* RM_7@2x.png in Resources */ = {isa = PBXBuildFile; fileRef = E265FEC01F2DF76100B11BE3 /* RM_7@2x.png */; };
		E265FEF31F2DF76100B11BE3 /* RM_7@3x.png in Resources */ = {isa = PBXBuildFile; fileRef = E265FEC11F2DF76100B11BE3 /* RM_7@3x.png */; };
		E265FEF41F2DF76100B11BE3 /* RM_8@2x.png in Resources */ = {isa = PBXBuildFile; fileRef = E265FEC21F2DF76100B11BE3 /* RM_8@2x.png */; };
		E265FEF51F2DF76100B11BE3 /* RM_8@3x.png in Resources */ = {isa = PBXBuildFile; fileRef = E265FEC31F2DF76100B11BE3 /* RM_8@3x.png */; };
		E265FEF61F2DF76100B11BE3 /* RM_9@2x.png in Resources */ = {isa = PBXBuildFile; fileRef = E265FEC41F2DF76100B11BE3 /* RM_9@2x.png */; };
		E265FEF71F2DF76100B11BE3 /* RM_9@3x.png in Resources */ = {isa = PBXBuildFile; fileRef = E265FEC51F2DF76100B11BE3 /* RM_9@3x.png */; };
		E265FEFB1F2DF8DF00B11BE3 /* UIImage+FrameworkBundle.swift in Sources */ = {isa = PBXBuildFile; fileRef = E265FEFA1F2DF8DF00B11BE3 /* UIImage+FrameworkBundle.swift */; };
		E265FEFE1F2E082C00B11BE3 /* Model.swift in Sources */ = {isa = PBXBuildFile; fileRef = E265FEFD1F2E082C00B11BE3 /* Model.swift */; };
		E265FF001F2E083800B11BE3 /* Api.swift in Sources */ = {isa = PBXBuildFile; fileRef = E265FEFF1F2E083800B11BE3 /* Api.swift */; };
/* End PBXBuildFile section */

/* Begin PBXContainerItemProxy section */
		E262EBAC1F284D7400D8BD66 /* PBXContainerItemProxy */ = {
			isa = PBXContainerItemProxy;
			containerPortal = E26316551F135C3000CA799E /* Project object */;
			proxyType = 1;
			remoteGlobalIDString = E262EBA11F284D7400D8BD66;
			remoteInfo = PooKit;
		};
		E262EBAE1F284D7400D8BD66 /* PBXContainerItemProxy */ = {
			isa = PBXContainerItemProxy;
			containerPortal = E26316551F135C3000CA799E /* Project object */;
			proxyType = 1;
			remoteGlobalIDString = E263165C1F135C3000CA799E;
			remoteInfo = Pook;
		};
		E262EBB51F284D7400D8BD66 /* PBXContainerItemProxy */ = {
			isa = PBXContainerItemProxy;
			containerPortal = E26316551F135C3000CA799E /* Project object */;
			proxyType = 1;
			remoteGlobalIDString = E262EBA11F284D7400D8BD66;
			remoteInfo = PooKit;
		};
		E26316741F135C3000CA799E /* PBXContainerItemProxy */ = {
			isa = PBXContainerItemProxy;
			containerPortal = E26316551F135C3000CA799E /* Project object */;
			proxyType = 1;
			remoteGlobalIDString = E263165C1F135C3000CA799E;
			remoteInfo = Pook;
		};
		E263167F1F135C3000CA799E /* PBXContainerItemProxy */ = {
			isa = PBXContainerItemProxy;
			containerPortal = E26316551F135C3000CA799E /* Project object */;
			proxyType = 1;
			remoteGlobalIDString = E263165C1F135C3000CA799E;
			remoteInfo = Pook;
		};
/* End PBXContainerItemProxy section */

/* Begin PBXCopyFilesBuildPhase section */
		E262EB431F284A8100D8BD66 /* Embed Frameworks */ = {
			isa = PBXCopyFilesBuildPhase;
			buildActionMask = 2147483647;
			dstPath = "";
			dstSubfolderSpec = 10;
			files = (
				E262EBB81F284D7400D8BD66 /* PooKit.framework in Embed Frameworks */,
			);
			name = "Embed Frameworks";
			runOnlyForDeploymentPostprocessing = 0;
		};
/* End PBXCopyFilesBuildPhase section */

/* Begin PBXFileReference section */
		1C39EA88DC4DA212EB5167C8 /* Pods_Pook.framework */ = {isa = PBXFileReference; explicitFileType = wrapper.framework; includeInIndex = 0; path = Pods_Pook.framework; sourceTree = BUILT_PRODUCTS_DIR; };
		2E56751ECFC157B0C0ED454B /* Pods_PooKit.framework */ = {isa = PBXFileReference; explicitFileType = wrapper.framework; includeInIndex = 0; path = Pods_PooKit.framework; sourceTree = BUILT_PRODUCTS_DIR; };
		8BE401810B5B98F3308EB1C1 /* Pods-Pook.release.xcconfig */ = {isa = PBXFileReference; includeInIndex = 1; lastKnownFileType = text.xcconfig; name = "Pods-Pook.release.xcconfig"; path = "Pods/Target Support Files/Pods-Pook/Pods-Pook.release.xcconfig"; sourceTree = "<group>"; };
		BB858A42392B6312ACE8E690 /* Pods-PooKit.debug.xcconfig */ = {isa = PBXFileReference; includeInIndex = 1; lastKnownFileType = text.xcconfig; name = "Pods-PooKit.debug.xcconfig"; path = "Pods/Target Support Files/Pods-PooKit/Pods-PooKit.debug.xcconfig"; sourceTree = "<group>"; };
		BBF74C071119EB9C763F6F21 /* Pods-Pook.debug.xcconfig */ = {isa = PBXFileReference; includeInIndex = 1; lastKnownFileType = text.xcconfig; name = "Pods-Pook.debug.xcconfig"; path = "Pods/Target Support Files/Pods-Pook/Pods-Pook.debug.xcconfig"; sourceTree = "<group>"; };
		E25CE9021F28911300C3220E /* DZMCoverController.h */ = {isa = PBXFileReference; fileEncoding = 4; lastKnownFileType = sourcecode.c.h; path = DZMCoverController.h; sourceTree = "<group>"; };
		E25CE9031F28911300C3220E /* DZMCoverController.m */ = {isa = PBXFileReference; fileEncoding = 4; lastKnownFileType = sourcecode.c.objc; path = DZMCoverController.m; sourceTree = "<group>"; };
		E25CE9041F28911300C3220E /* DZMeBookRead-Bridging-Pch.h */ = {isa = PBXFileReference; fileEncoding = 4; lastKnownFileType = sourcecode.c.h; path = "DZMeBookRead-Bridging-Pch.h"; sourceTree = "<group>"; };
		E25CE9051F28911300C3220E /* DZMGlobalMethod.swift */ = {isa = PBXFileReference; fileEncoding = 4; lastKnownFileType = sourcecode.swift; path = DZMGlobalMethod.swift; sourceTree = "<group>"; };
		E25CE9061F28911300C3220E /* DZMGlobalProperty.swift */ = {isa = PBXFileReference; fileEncoding = 4; lastKnownFileType = sourcecode.swift; path = DZMGlobalProperty.swift; sourceTree = "<group>"; };
		E25CE9071F28911300C3220E /* DZMReadConfigure.swift */ = {isa = PBXFileReference; fileEncoding = 4; lastKnownFileType = sourcecode.swift; path = DZMReadConfigure.swift; sourceTree = "<group>"; };
		E25CE9081F28911300C3220E /* DZMReadController.swift */ = {isa = PBXFileReference; fileEncoding = 4; lastKnownFileType = sourcecode.swift; path = DZMReadController.swift; sourceTree = "<group>"; };
		E25CE9091F28911300C3220E /* DZMReadOperation.swift */ = {isa = PBXFileReference; fileEncoding = 4; lastKnownFileType = sourcecode.swift; path = DZMReadOperation.swift; sourceTree = "<group>"; };
		E25CE90A1F28911300C3220E /* DZMReadParser.swift */ = {isa = PBXFileReference; fileEncoding = 4; lastKnownFileType = sourcecode.swift; path = DZMReadParser.swift; sourceTree = "<group>"; };
		E25CE90B1F28911300C3220E /* DZMReadViewController.swift */ = {isa = PBXFileReference; fileEncoding = 4; lastKnownFileType = sourcecode.swift; path = DZMReadViewController.swift; sourceTree = "<group>"; };
		E25CE90C1F28911300C3220E /* DZMViewController.swift */ = {isa = PBXFileReference; fileEncoding = 4; lastKnownFileType = sourcecode.swift; path = DZMViewController.swift; sourceTree = "<group>"; };
		E25CE90E1F28911300C3220E /* NSObject+Extension.swift */ = {isa = PBXFileReference; fileEncoding = 4; lastKnownFileType = sourcecode.swift; path = "NSObject+Extension.swift"; sourceTree = "<group>"; };
		E25CE90F1F28911300C3220E /* String+Extension.swift */ = {isa = PBXFileReference; fileEncoding = 4; lastKnownFileType = sourcecode.swift; path = "String+Extension.swift"; sourceTree = "<group>"; };
		E25CE9101F28911300C3220E /* UIPageViewController+Extension.swift */ = {isa = PBXFileReference; fileEncoding = 4; lastKnownFileType = sourcecode.swift; path = "UIPageViewController+Extension.swift"; sourceTree = "<group>"; };
		E25CE9111F28911300C3220E /* UIScrollView+Extension.swift */ = {isa = PBXFileReference; fileEncoding = 4; lastKnownFileType = sourcecode.swift; path = "UIScrollView+Extension.swift"; sourceTree = "<group>"; };
		E25CE9121F28911300C3220E /* UITableView+Extension.swift */ = {isa = PBXFileReference; fileEncoding = 4; lastKnownFileType = sourcecode.swift; path = "UITableView+Extension.swift"; sourceTree = "<group>"; };
		E25CE9131F28911300C3220E /* UIView+Extension.swift */ = {isa = PBXFileReference; fileEncoding = 4; lastKnownFileType = sourcecode.swift; path = "UIView+Extension.swift"; sourceTree = "<group>"; };
		E25CE9151F28911300C3220E /* DZMReadChapterListModel.swift */ = {isa = PBXFileReference; fileEncoding = 4; lastKnownFileType = sourcecode.swift; path = DZMReadChapterListModel.swift; sourceTree = "<group>"; };
		E25CE9161F28911300C3220E /* DZMReadChapterModel.swift */ = {isa = PBXFileReference; fileEncoding = 4; lastKnownFileType = sourcecode.swift; path = DZMReadChapterModel.swift; sourceTree = "<group>"; };
		E25CE9171F28911300C3220E /* DZMReadMarkModel.swift */ = {isa = PBXFileReference; fileEncoding = 4; lastKnownFileType = sourcecode.swift; path = DZMReadMarkModel.swift; sourceTree = "<group>"; };
		E25CE9181F28911300C3220E /* DZMReadModel.swift */ = {isa = PBXFileReference; fileEncoding = 4; lastKnownFileType = sourcecode.swift; path = DZMReadModel.swift; sourceTree = "<group>"; };
		E25CE9191F28911300C3220E /* DZMReadRecordModel.swift */ = {isa = PBXFileReference; fileEncoding = 4; lastKnownFileType = sourcecode.swift; path = DZMReadRecordModel.swift; sourceTree = "<group>"; };
		E25CE91B1F28911300C3220E /* DZMHaloButton.swift */ = {isa = PBXFileReference; fileEncoding = 4; lastKnownFileType = sourcecode.swift; path = DZMHaloButton.swift; sourceTree = "<group>"; };
		E25CE91C1F28911300C3220E /* DZMReadMenu.swift */ = {isa = PBXFileReference; fileEncoding = 4; lastKnownFileType = sourcecode.swift; path = DZMReadMenu.swift; sourceTree = "<group>"; };
		E25CE91D1F28911300C3220E /* DZMReadView.swift */ = {isa = PBXFileReference; fileEncoding = 4; lastKnownFileType = sourcecode.swift; path = DZMReadView.swift; sourceTree = "<group>"; };
		E25CE91E1F28911300C3220E /* DZMReadViewCell.swift */ = {isa = PBXFileReference; fileEncoding = 4; lastKnownFileType = sourcecode.swift; path = DZMReadViewCell.swift; sourceTree = "<group>"; };
		E25CE91F1F28911300C3220E /* DZMReadViewUDCell.swift */ = {isa = PBXFileReference; fileEncoding = 4; lastKnownFileType = sourcecode.swift; path = DZMReadViewUDCell.swift; sourceTree = "<group>"; };
		E25CE9201F28911300C3220E /* DZMRMBaseView.swift */ = {isa = PBXFileReference; fileEncoding = 4; lastKnownFileType = sourcecode.swift; path = DZMRMBaseView.swift; sourceTree = "<group>"; };
		E25CE9211F28911300C3220E /* DZMRMBottomView.swift */ = {isa = PBXFileReference; fileEncoding = 4; lastKnownFileType = sourcecode.swift; path = DZMRMBottomView.swift; sourceTree = "<group>"; };
		E25CE9221F28911300C3220E /* DZMRMColorView.swift */ = {isa = PBXFileReference; fileEncoding = 4; lastKnownFileType = sourcecode.swift; path = DZMRMColorView.swift; sourceTree = "<group>"; };
		E25CE9231F28911300C3220E /* DZMRMFuncView.swift */ = {isa = PBXFileReference; fileEncoding = 4; lastKnownFileType = sourcecode.swift; path = DZMRMFuncView.swift; sourceTree = "<group>"; };
		E25CE9241F28911300C3220E /* DZMRMLeftView.swift */ = {isa = PBXFileReference; fileEncoding = 4; lastKnownFileType = sourcecode.swift; path = DZMRMLeftView.swift; sourceTree = "<group>"; };
		E25CE9251F28911300C3220E /* DZMRMLightView.swift */ = {isa = PBXFileReference; fileEncoding = 4; lastKnownFileType = sourcecode.swift; path = DZMRMLightView.swift; sourceTree = "<group>"; };
		E25CE9261F28911300C3220E /* DZMRMSettingView.swift */ = {isa = PBXFileReference; fileEncoding = 4; lastKnownFileType = sourcecode.swift; path = DZMRMSettingView.swift; sourceTree = "<group>"; };
		E25CE9271F28911300C3220E /* DZMRMStatusView.swift */ = {isa = PBXFileReference; fileEncoding = 4; lastKnownFileType = sourcecode.swift; path = DZMRMStatusView.swift; sourceTree = "<group>"; };
		E25CE9281F28911300C3220E /* DZMRMTopView.swift */ = {isa = PBXFileReference; fileEncoding = 4; lastKnownFileType = sourcecode.swift; path = DZMRMTopView.swift; sourceTree = "<group>"; };
		E25CE9291F28911300C3220E /* DZMSegmentedControl.swift */ = {isa = PBXFileReference; fileEncoding = 4; lastKnownFileType = sourcecode.swift; path = DZMSegmentedControl.swift; sourceTree = "<group>"; };
		E25CE92A1F28911300C3220E /* DZMUserDefaults.swift */ = {isa = PBXFileReference; fileEncoding = 4; lastKnownFileType = sourcecode.swift; path = DZMUserDefaults.swift; sourceTree = "<group>"; };
		E25CE92C1F28911300C3220E /* UIView+YGPulseView.h */ = {isa = PBXFileReference; fileEncoding = 4; lastKnownFileType = sourcecode.c.h; path = "UIView+YGPulseView.h"; sourceTree = "<group>"; };
		E25CE92D1F28911300C3220E /* UIView+YGPulseView.m */ = {isa = PBXFileReference; fileEncoding = 4; lastKnownFileType = sourcecode.c.objc; path = "UIView+YGPulseView.m"; sourceTree = "<group>"; };
		E25CE9571F28913300C3220E /* DZMBatteryView.swift */ = {isa = PBXFileReference; fileEncoding = 4; lastKnownFileType = sourcecode.swift; path = DZMBatteryView.swift; sourceTree = "<group>"; };
		E25CE95A1F28AFC600C3220E /* AppTabBarController.swift */ = {isa = PBXFileReference; fileEncoding = 4; lastKnownFileType = sourcecode.swift; path = AppTabBarController.swift; sourceTree = "<group>"; };
		E25CE9671F28BB6400C3220E /* ShelfCollectionView.swift */ = {isa = PBXFileReference; fileEncoding = 4; lastKnownFileType = sourcecode.swift; path = ShelfCollectionView.swift; sourceTree = "<group>"; };
		E25CE96A1F28BBC600C3220E /* ShelfViewController.swift */ = {isa = PBXFileReference; fileEncoding = 4; lastKnownFileType = sourcecode.swift; path = ShelfViewController.swift; sourceTree = "<group>"; };
		E25CE96D1F28BC0200C3220E /* BooksViewController.swift */ = {isa = PBXFileReference; fileEncoding = 4; lastKnownFileType = sourcecode.swift; path = BooksViewController.swift; sourceTree = "<group>"; };
		E262EBA21F284D7400D8BD66 /* PooKit.framework */ = {isa = PBXFileReference; explicitFileType = wrapper.framework; includeInIndex = 0; path = PooKit.framework; sourceTree = BUILT_PRODUCTS_DIR; };
		E262EBA41F284D7400D8BD66 /* PooKit.h */ = {isa = PBXFileReference; lastKnownFileType = sourcecode.c.h; path = PooKit.h; sourceTree = "<group>"; };
		E262EBA51F284D7400D8BD66 /* Info.plist */ = {isa = PBXFileReference; lastKnownFileType = text.plist.xml; path = Info.plist; sourceTree = "<group>"; };
		E262EBAA1F284D7400D8BD66 /* PooKitTests.xctest */ = {isa = PBXFileReference; explicitFileType = wrapper.cfbundle; includeInIndex = 0; path = PooKitTests.xctest; sourceTree = BUILT_PRODUCTS_DIR; };
		E262EBB11F284D7400D8BD66 /* PooKitTests.swift */ = {isa = PBXFileReference; lastKnownFileType = sourcecode.swift; path = PooKitTests.swift; sourceTree = "<group>"; };
		E262EBB31F284D7400D8BD66 /* Info.plist */ = {isa = PBXFileReference; lastKnownFileType = text.plist.xml; path = Info.plist; sourceTree = "<group>"; };
		E263165D1F135C3000CA799E /* Pook.app */ = {isa = PBXFileReference; explicitFileType = wrapper.application; includeInIndex = 0; path = Pook.app; sourceTree = BUILT_PRODUCTS_DIR; };
		E26316601F135C3000CA799E /* AppDelegate.swift */ = {isa = PBXFileReference; lastKnownFileType = sourcecode.swift; path = AppDelegate.swift; sourceTree = "<group>"; };
		E26316671F135C3000CA799E /* Base */ = {isa = PBXFileReference; lastKnownFileType = file.storyboard; name = Base; path = Base.lproj/Main.storyboard; sourceTree = "<group>"; };
		E26316691F135C3000CA799E /* Assets.xcassets */ = {isa = PBXFileReference; lastKnownFileType = folder.assetcatalog; path = Assets.xcassets; sourceTree = "<group>"; };
		E263166C1F135C3000CA799E /* Base */ = {isa = PBXFileReference; lastKnownFileType = file.storyboard; name = Base; path = Base.lproj/LaunchScreen.storyboard; sourceTree = "<group>"; };
		E263166E1F135C3000CA799E /* Info.plist */ = {isa = PBXFileReference; lastKnownFileType = text.plist.xml; path = Info.plist; sourceTree = "<group>"; };
		E26316731F135C3000CA799E /* PookTests.xctest */ = {isa = PBXFileReference; explicitFileType = wrapper.cfbundle; includeInIndex = 0; path = PookTests.xctest; sourceTree = BUILT_PRODUCTS_DIR; };
		E26316771F135C3000CA799E /* PookTests.swift */ = {isa = PBXFileReference; lastKnownFileType = sourcecode.swift; path = PookTests.swift; sourceTree = "<group>"; };
		E26316791F135C3000CA799E /* Info.plist */ = {isa = PBXFileReference; lastKnownFileType = text.plist.xml; path = Info.plist; sourceTree = "<group>"; };
		E263167E1F135C3000CA799E /* PookUITests.xctest */ = {isa = PBXFileReference; explicitFileType = wrapper.cfbundle; includeInIndex = 0; path = PookUITests.xctest; sourceTree = BUILT_PRODUCTS_DIR; };
		E26316821F135C3000CA799E /* PookUITests.swift */ = {isa = PBXFileReference; lastKnownFileType = sourcecode.swift; path = PookUITests.swift; sourceTree = "<group>"; };
		E26316841F135C3000CA799E /* Info.plist */ = {isa = PBXFileReference; lastKnownFileType = text.plist.xml; path = Info.plist; sourceTree = "<group>"; };
		E26316921F13665300CA799E /* Book.swift */ = {isa = PBXFileReference; fileEncoding = 4; lastKnownFileType = sourcecode.swift; path = Book.swift; sourceTree = "<group>"; };
		E26316941F13742800CA799E /* Chapter.swift */ = {isa = PBXFileReference; fileEncoding = 4; lastKnownFileType = sourcecode.swift; path = Chapter.swift; sourceTree = "<group>"; };
		E26316961F13744F00CA799E /* Mark.swift */ = {isa = PBXFileReference; fileEncoding = 4; lastKnownFileType = sourcecode.swift; path = Mark.swift; sourceTree = "<group>"; };
		E26316991F1374A000CA799E /* Record.swift */ = {isa = PBXFileReference; fileEncoding = 4; lastKnownFileType = sourcecode.swift; path = Record.swift; sourceTree = "<group>"; };
		E263169E1F1375B800CA799E /* 求魔.txt */ = {isa = PBXFileReference; fileEncoding = 4; lastKnownFileType = text; path = "求魔.txt"; sourceTree = "<group>"; };
		E265FE911F2DF29200B11BE3 /* ViewController.swift */ = {isa = PBXFileReference; fileEncoding = 4; lastKnownFileType = sourcecode.swift; path = ViewController.swift; sourceTree = "<group>"; };
		E265FE941F2DF76100B11BE3 /* G_Back_0@2x.png */ = {isa = PBXFileReference; lastKnownFileType = image.png; path = "G_Back_0@2x.png"; sourceTree = "<group>"; };
		E265FE951F2DF76100B11BE3 /* G_Back_0@3x.png */ = {isa = PBXFileReference; lastKnownFileType = image.png; path = "G_Back_0@3x.png"; sourceTree = "<group>"; };
		E265FE961F2DF76100B11BE3 /* G_Battery_Black@2x.png */ = {isa = PBXFileReference; lastKnownFileType = image.png; path = "G_Battery_Black@2x.png"; sourceTree = "<group>"; };
		E265FE971F2DF76100B11BE3 /* G_Battery_Black@3x.png */ = {isa = PBXFileReference; lastKnownFileType = image.png; path = "G_Battery_Black@3x.png"; sourceTree = "<group>"; };
		E265FE981F2DF76100B11BE3 /* read_bar_0@2x.png */ = {isa = PBXFileReference; lastKnownFileType = image.png; path = "read_bar_0@2x.png"; sourceTree = "<group>"; };
		E265FE991F2DF76100B11BE3 /* read_bar_0@3x.png */ = {isa = PBXFileReference; lastKnownFileType = image.png; path = "read_bar_0@3x.png"; sourceTree = "<group>"; };
		E265FE9A1F2DF76100B11BE3 /* read_bar_1@2x.png */ = {isa = PBXFileReference; lastKnownFileType = image.png; path = "read_bar_1@2x.png"; sourceTree = "<group>"; };
		E265FE9B1F2DF76100B11BE3 /* read_bar_1@3x.png */ = {isa = PBXFileReference; lastKnownFileType = image.png; path = "read_bar_1@3x.png"; sourceTree = "<group>"; };
		E265FE9C1F2DF76100B11BE3 /* read_bar_2@2x.png */ = {isa = PBXFileReference; lastKnownFileType = image.png; path = "read_bar_2@2x.png"; sourceTree = "<group>"; };
		E265FE9D1F2DF76100B11BE3 /* read_bar_2@3x.png */ = {isa = PBXFileReference; lastKnownFileType = image.png; path = "read_bar_2@3x.png"; sourceTree = "<group>"; };
		E265FE9E1F2DF76100B11BE3 /* read_bar_3@2x.png */ = {isa = PBXFileReference; lastKnownFileType = image.png; path = "read_bar_3@2x.png"; sourceTree = "<group>"; };
		E265FE9F1F2DF76100B11BE3 /* read_bar_3@3x.png */ = {isa = PBXFileReference; lastKnownFileType = image.png; path = "read_bar_3@3x.png"; sourceTree = "<group>"; };
		E265FEA01F2DF76100B11BE3 /* read_bg_0@2x.png */ = {isa = PBXFileReference; lastKnownFileType = image.png; path = "read_bg_0@2x.png"; sourceTree = "<group>"; };
		E265FEA11F2DF76100B11BE3 /* read_bg_0@3x.png */ = {isa = PBXFileReference; lastKnownFileType = image.png; path = "read_bg_0@3x.png"; sourceTree = "<group>"; };
		E265FEA21F2DF76100B11BE3 /* RM_0@2x.png */ = {isa = PBXFileReference; lastKnownFileType = image.png; path = "RM_0@2x.png"; sourceTree = "<group>"; };
		E265FEA31F2DF76100B11BE3 /* RM_0@3x.png */ = {isa = PBXFileReference; lastKnownFileType = image.png; path = "RM_0@3x.png"; sourceTree = "<group>"; };
		E265FEA41F2DF76100B11BE3 /* RM_10@2x.png */ = {isa = PBXFileReference; lastKnownFileType = image.png; path = "RM_10@2x.png"; sourceTree = "<group>"; };
		E265FEA51F2DF76100B11BE3 /* RM_10@3x.png */ = {isa = PBXFileReference; lastKnownFileType = image.png; path = "RM_10@3x.png"; sourceTree = "<group>"; };
		E265FEA61F2DF76100B11BE3 /* RM_11@2x.png */ = {isa = PBXFileReference; lastKnownFileType = image.png; path = "RM_11@2x.png"; sourceTree = "<group>"; };
		E265FEA71F2DF76100B11BE3 /* RM_11@3x.png */ = {isa = PBXFileReference; lastKnownFileType = image.png; path = "RM_11@3x.png"; sourceTree = "<group>"; };
		E265FEA81F2DF76100B11BE3 /* RM_13@2x.png */ = {isa = PBXFileReference; lastKnownFileType = image.png; path = "RM_13@2x.png"; sourceTree = "<group>"; };
		E265FEA91F2DF76100B11BE3 /* RM_13@3x.png */ = {isa = PBXFileReference; lastKnownFileType = image.png; path = "RM_13@3x.png"; sourceTree = "<group>"; };
		E265FEAA1F2DF76100B11BE3 /* RM_14@2x.png */ = {isa = PBXFileReference; lastKnownFileType = image.png; path = "RM_14@2x.png"; sourceTree = "<group>"; };
		E265FEAB1F2DF76100B11BE3 /* RM_14@3x.png */ = {isa = PBXFileReference; lastKnownFileType = image.png; path = "RM_14@3x.png"; sourceTree = "<group>"; };
		E265FEAC1F2DF76100B11BE3 /* RM_15@2x.png */ = {isa = PBXFileReference; lastKnownFileType = image.png; path = "RM_15@2x.png"; sourceTree = "<group>"; };
		E265FEAD1F2DF76100B11BE3 /* RM_15@3x.png */ = {isa = PBXFileReference; lastKnownFileType = image.png; path = "RM_15@3x.png"; sourceTree = "<group>"; };
		E265FEAE1F2DF76100B11BE3 /* RM_16@2x.png */ = {isa = PBXFileReference; lastKnownFileType = image.png; path = "RM_16@2x.png"; sourceTree = "<group>"; };
		E265FEAF1F2DF76100B11BE3 /* RM_16@3x.png */ = {isa = PBXFileReference; lastKnownFileType = image.png; path = "RM_16@3x.png"; sourceTree = "<group>"; };
		E265FEB01F2DF76100B11BE3 /* RM_17@2x.png */ = {isa = PBXFileReference; lastKnownFileType = image.png; path = "RM_17@2x.png"; sourceTree = "<group>"; };
		E265FEB11F2DF76100B11BE3 /* RM_17@3x.png */ = {isa = PBXFileReference; lastKnownFileType = image.png; path = "RM_17@3x.png"; sourceTree = "<group>"; };
		E265FEB21F2DF76100B11BE3 /* RM_18@2x.png */ = {isa = PBXFileReference; lastKnownFileType = image.png; path = "RM_18@2x.png"; sourceTree = "<group>"; };
		E265FEB31F2DF76100B11BE3 /* RM_18@3x.png */ = {isa = PBXFileReference; lastKnownFileType = image.png; path = "RM_18@3x.png"; sourceTree = "<group>"; };
		E265FEB41F2DF76100B11BE3 /* RM_1@2x.png */ = {isa = PBXFileReference; lastKnownFileType = image.png; path = "RM_1@2x.png"; sourceTree = "<group>"; };
		E265FEB51F2DF76100B11BE3 /* RM_1@3x.png */ = {isa = PBXFileReference; lastKnownFileType = image.png; path = "RM_1@3x.png"; sourceTree = "<group>"; };
		E265FEB61F2DF76100B11BE3 /* RM_2@2x.png */ = {isa = PBXFileReference; lastKnownFileType = image.png; path = "RM_2@2x.png"; sourceTree = "<group>"; };
		E265FEB71F2DF76100B11BE3 /* RM_2@3x.png */ = {isa = PBXFileReference; lastKnownFileType = image.png; path = "RM_2@3x.png"; sourceTree = "<group>"; };
		E265FEB81F2DF76100B11BE3 /* RM_3@2x.png */ = {isa = PBXFileReference; lastKnownFileType = image.png; path = "RM_3@2x.png"; sourceTree = "<group>"; };
		E265FEB91F2DF76100B11BE3 /* RM_3@3x.png */ = {isa = PBXFileReference; lastKnownFileType = image.png; path = "RM_3@3x.png"; sourceTree = "<group>"; };
		E265FEBA1F2DF76100B11BE3 /* RM_4@2x.png */ = {isa = PBXFileReference; lastKnownFileType = image.png; path = "RM_4@2x.png"; sourceTree = "<group>"; };
		E265FEBB1F2DF76100B11BE3 /* RM_4@3x.png */ = {isa = PBXFileReference; lastKnownFileType = image.png; path = "RM_4@3x.png"; sourceTree = "<group>"; };
		E265FEBC1F2DF76100B11BE3 /* RM_5@2x.png */ = {isa = PBXFileReference; lastKnownFileType = image.png; path = "RM_5@2x.png"; sourceTree = "<group>"; };
		E265FEBD1F2DF76100B11BE3 /* RM_5@3x.png */ = {isa = PBXFileReference; lastKnownFileType = image.png; path = "RM_5@3x.png"; sourceTree = "<group>"; };
		E265FEBE1F2DF76100B11BE3 /* RM_6@2x.png */ = {isa = PBXFileReference; lastKnownFileType = image.png; path = "RM_6@2x.png"; sourceTree = "<group>"; };
		E265FEBF1F2DF76100B11BE3 /* RM_6@3x.png */ = {isa = PBXFileReference; lastKnownFileType = image.png; path = "RM_6@3x.png"; sourceTree = "<group>"; };
		E265FEC01F2DF76100B11BE3 /* RM_7@2x.png */ = {isa = PBXFileReference; lastKnownFileType = image.png; path = "RM_7@2x.png"; sourceTree = "<group>"; };
		E265FEC11F2DF76100B11BE3 /* RM_7@3x.png */ = {isa = PBXFileReference; lastKnownFileType = image.png; path = "RM_7@3x.png"; sourceTree = "<group>"; };
		E265FEC21F2DF76100B11BE3 /* RM_8@2x.png */ = {isa = PBXFileReference; lastKnownFileType = image.png; path = "RM_8@2x.png"; sourceTree = "<group>"; };
		E265FEC31F2DF76100B11BE3 /* RM_8@3x.png */ = {isa = PBXFileReference; lastKnownFileType = image.png; path = "RM_8@3x.png"; sourceTree = "<group>"; };
		E265FEC41F2DF76100B11BE3 /* RM_9@2x.png */ = {isa = PBXFileReference; lastKnownFileType = image.png; path = "RM_9@2x.png"; sourceTree = "<group>"; };
		E265FEC51F2DF76100B11BE3 /* RM_9@3x.png */ = {isa = PBXFileReference; lastKnownFileType = image.png; path = "RM_9@3x.png"; sourceTree = "<group>"; };
		E265FEFA1F2DF8DF00B11BE3 /* UIImage+FrameworkBundle.swift */ = {isa = PBXFileReference; fileEncoding = 4; lastKnownFileType = sourcecode.swift; path = "UIImage+FrameworkBundle.swift"; sourceTree = "<group>"; };
		E265FEFD1F2E082C00B11BE3 /* Model.swift */ = {isa = PBXFileReference; fileEncoding = 4; lastKnownFileType = sourcecode.swift; path = Model.swift; sourceTree = "<group>"; };
		E265FEFF1F2E083800B11BE3 /* Api.swift */ = {isa = PBXFileReference; fileEncoding = 4; lastKnownFileType = sourcecode.swift; path = Api.swift; sourceTree = "<group>"; };
		E9AB111410656462D0A0A4E0 /* Pods-PooKit.release.xcconfig */ = {isa = PBXFileReference; includeInIndex = 1; lastKnownFileType = text.xcconfig; name = "Pods-PooKit.release.xcconfig"; path = "Pods/Target Support Files/Pods-PooKit/Pods-PooKit.release.xcconfig"; sourceTree = "<group>"; };
/* End PBXFileReference section */

/* Begin PBXFrameworksBuildPhase section */
		E262EB9E1F284D7400D8BD66 /* Frameworks */ = {
			isa = PBXFrameworksBuildPhase;
			buildActionMask = 2147483647;
			files = (
				4B801B5321E6598C5227F31D /* Pods_PooKit.framework in Frameworks */,
			);
			runOnlyForDeploymentPostprocessing = 0;
		};
		E262EBA71F284D7400D8BD66 /* Frameworks */ = {
			isa = PBXFrameworksBuildPhase;
			buildActionMask = 2147483647;
			files = (
				E262EBAB1F284D7400D8BD66 /* PooKit.framework in Frameworks */,
			);
			runOnlyForDeploymentPostprocessing = 0;
		};
		E263165A1F135C3000CA799E /* Frameworks */ = {
			isa = PBXFrameworksBuildPhase;
			buildActionMask = 2147483647;
			files = (
				8A437032F106E42A0CD82B6D /* Pods_Pook.framework in Frameworks */,
				E262EBB71F284D7400D8BD66 /* PooKit.framework in Frameworks */,
			);
			runOnlyForDeploymentPostprocessing = 0;
		};
		E26316701F135C3000CA799E /* Frameworks */ = {
			isa = PBXFrameworksBuildPhase;
			buildActionMask = 2147483647;
			files = (
			);
			runOnlyForDeploymentPostprocessing = 0;
		};
		E263167B1F135C3000CA799E /* Frameworks */ = {
			isa = PBXFrameworksBuildPhase;
			buildActionMask = 2147483647;
			files = (
			);
			runOnlyForDeploymentPostprocessing = 0;
		};
/* End PBXFrameworksBuildPhase section */

/* Begin PBXGroup section */
		96028FD6DA3972F7DFEC2C11 /* Frameworks */ = {
			isa = PBXGroup;
			children = (
				1C39EA88DC4DA212EB5167C8 /* Pods_Pook.framework */,
				2E56751ECFC157B0C0ED454B /* Pods_PooKit.framework */,
			);
			name = Frameworks;
			sourceTree = "<group>";
		};
		A0B643A0C8AEC0A374724252 /* Pods */ = {
			isa = PBXGroup;
			children = (
				BBF74C071119EB9C763F6F21 /* Pods-Pook.debug.xcconfig */,
				8BE401810B5B98F3308EB1C1 /* Pods-Pook.release.xcconfig */,
				BB858A42392B6312ACE8E690 /* Pods-PooKit.debug.xcconfig */,
				E9AB111410656462D0A0A4E0 /* Pods-PooKit.release.xcconfig */,
			);
			name = Pods;
			sourceTree = "<group>";
		};
		E25CE90D1F28911300C3220E /* Extension */ = {
			isa = PBXGroup;
			children = (
				E25CE90E1F28911300C3220E /* NSObject+Extension.swift */,
				E25CE90F1F28911300C3220E /* String+Extension.swift */,
				E25CE9101F28911300C3220E /* UIPageViewController+Extension.swift */,
				E25CE9111F28911300C3220E /* UIScrollView+Extension.swift */,
				E25CE9121F28911300C3220E /* UITableView+Extension.swift */,
				E25CE9131F28911300C3220E /* UIView+Extension.swift */,
				E265FEFA1F2DF8DF00B11BE3 /* UIImage+FrameworkBundle.swift */,
			);
			path = Extension;
			sourceTree = "<group>";
		};
		E25CE9141F28911300C3220E /* Model */ = {
			isa = PBXGroup;
			children = (
				E25CE9151F28911300C3220E /* DZMReadChapterListModel.swift */,
				E25CE9161F28911300C3220E /* DZMReadChapterModel.swift */,
				E25CE9171F28911300C3220E /* DZMReadMarkModel.swift */,
				E25CE9181F28911300C3220E /* DZMReadModel.swift */,
				E25CE9191F28911300C3220E /* DZMReadRecordModel.swift */,
			);
			path = Model;
			sourceTree = "<group>";
		};
		E25CE91A1F28911300C3220E /* View */ = {
			isa = PBXGroup;
			children = (
				E25CE9571F28913300C3220E /* DZMBatteryView.swift */,
				E25CE91B1F28911300C3220E /* DZMHaloButton.swift */,
				E25CE91C1F28911300C3220E /* DZMReadMenu.swift */,
				E25CE91D1F28911300C3220E /* DZMReadView.swift */,
				E25CE91E1F28911300C3220E /* DZMReadViewCell.swift */,
				E25CE91F1F28911300C3220E /* DZMReadViewUDCell.swift */,
				E25CE9201F28911300C3220E /* DZMRMBaseView.swift */,
				E25CE9211F28911300C3220E /* DZMRMBottomView.swift */,
				E25CE9221F28911300C3220E /* DZMRMColorView.swift */,
				E25CE9231F28911300C3220E /* DZMRMFuncView.swift */,
				E25CE9241F28911300C3220E /* DZMRMLeftView.swift */,
				E25CE9251F28911300C3220E /* DZMRMLightView.swift */,
				E25CE9261F28911300C3220E /* DZMRMSettingView.swift */,
				E25CE9271F28911300C3220E /* DZMRMStatusView.swift */,
				E25CE9281F28911300C3220E /* DZMRMTopView.swift */,
				E25CE9291F28911300C3220E /* DZMSegmentedControl.swift */,
				E25CE92A1F28911300C3220E /* DZMUserDefaults.swift */,
			);
			path = View;
			sourceTree = "<group>";
		};
		E25CE92B1F28911300C3220E /* YGPulseView */ = {
			isa = PBXGroup;
			children = (
				E25CE92C1F28911300C3220E /* UIView+YGPulseView.h */,
				E25CE92D1F28911300C3220E /* UIView+YGPulseView.m */,
			);
			path = YGPulseView;
			sourceTree = "<group>";
		};
		E25CE9591F28914A00C3220E /* Support Files */ = {
			isa = PBXGroup;
			children = (
				E262EBA51F284D7400D8BD66 /* Info.plist */,
				E25CE9041F28911300C3220E /* DZMeBookRead-Bridging-Pch.h */,
			);
			name = "Support Files";
			sourceTree = "<group>";
		};
		E25CE95C1F28B11E00C3220E /* Support Files */ = {
			isa = PBXGroup;
			children = (
				E265FEFC1F2E080D00B11BE3 /* Lib */,
				E263166E1F135C3000CA799E /* Info.plist */,
			);
			name = "Support Files";
			sourceTree = "<group>";
		};
		E25CE95D1F28B14D00C3220E /* Assets */ = {
			isa = PBXGroup;
			children = (
				E263169E1F1375B800CA799E /* 求魔.txt */,
				E26316691F135C3000CA799E /* Assets.xcassets */,
				E263166B1F135C3000CA799E /* LaunchScreen.storyboard */,
				E26316661F135C3000CA799E /* Main.storyboard */,
			);
			name = Assets;
			sourceTree = "<group>";
		};
		E25CE9641F28BB4200C3220E /* Shelf */ = {
			isa = PBXGroup;
			children = (
				E25CE96A1F28BBC600C3220E /* ShelfViewController.swift */,
				E25CE9691F28BB9100C3220E /* View */,
			);
			path = Shelf;
			sourceTree = "<group>";
		};
		E25CE9691F28BB9100C3220E /* View */ = {
			isa = PBXGroup;
			children = (
				E25CE9671F28BB6400C3220E /* ShelfCollectionView.swift */,
			);
			name = View;
			sourceTree = "<group>";
		};
		E25CE96C1F28BBF300C3220E /* Books */ = {
			isa = PBXGroup;
			children = (
				E25CE96D1F28BC0200C3220E /* BooksViewController.swift */,
				E25CE96F1F28BC0800C3220E /* View */,
			);
			path = Books;
			sourceTree = "<group>";
		};
		E25CE96F1F28BC0800C3220E /* View */ = {
			isa = PBXGroup;
			children = (
			);
			name = View;
			sourceTree = "<group>";
		};
		E262EBA31F284D7400D8BD66 /* PooKit */ = {
			isa = PBXGroup;
			children = (
				E262EBA41F284D7400D8BD66 /* PooKit.h */,
				E25CE90A1F28911300C3220E /* DZMReadParser.swift */,
				E25CE9051F28911300C3220E /* DZMGlobalMethod.swift */,
				E25CE9061F28911300C3220E /* DZMGlobalProperty.swift */,
				E25CE9071F28911300C3220E /* DZMReadConfigure.swift */,
				E25CE9081F28911300C3220E /* DZMReadController.swift */,
				E25CE9091F28911300C3220E /* DZMReadOperation.swift */,
				E25CE90B1F28911300C3220E /* DZMReadViewController.swift */,
				E25CE90C1F28911300C3220E /* DZMViewController.swift */,
				E25CE9021F28911300C3220E /* DZMCoverController.h */,
				E25CE9031F28911300C3220E /* DZMCoverController.m */,
				E265FE931F2DF76100B11BE3 /* Assets */,
				E25CE90D1F28911300C3220E /* Extension */,
				E25CE9141F28911300C3220E /* Model */,
				E25CE91A1F28911300C3220E /* View */,
				E25CE92B1F28911300C3220E /* YGPulseView */,
				E25CE9591F28914A00C3220E /* Support Files */,
			);
			path = PooKit;
			sourceTree = "<group>";
		};
		E262EBB01F284D7400D8BD66 /* PooKitTests */ = {
			isa = PBXGroup;
			children = (
				E262EBB11F284D7400D8BD66 /* PooKitTests.swift */,
				E262EBB31F284D7400D8BD66 /* Info.plist */,
			);
			path = PooKitTests;
			sourceTree = "<group>";
		};
		E26316541F135C3000CA799E = {
			isa = PBXGroup;
			children = (
				E263165F1F135C3000CA799E /* Pook */,
				E26316761F135C3000CA799E /* PookTests */,
				E26316811F135C3000CA799E /* PookUITests */,
				E262EBA31F284D7400D8BD66 /* PooKit */,
				E262EBB01F284D7400D8BD66 /* PooKitTests */,
				E263165E1F135C3000CA799E /* Products */,
				A0B643A0C8AEC0A374724252 /* Pods */,
				96028FD6DA3972F7DFEC2C11 /* Frameworks */,
			);
			sourceTree = "<group>";
		};
		E263165E1F135C3000CA799E /* Products */ = {
			isa = PBXGroup;
			children = (
				E263165D1F135C3000CA799E /* Pook.app */,
				E26316731F135C3000CA799E /* PookTests.xctest */,
				E263167E1F135C3000CA799E /* PookUITests.xctest */,
				E262EBA21F284D7400D8BD66 /* PooKit.framework */,
				E262EBAA1F284D7400D8BD66 /* PooKitTests.xctest */,
			);
			name = Products;
			sourceTree = "<group>";
		};
		E263165F1F135C3000CA799E /* Pook */ = {
			isa = PBXGroup;
			children = (
				E26316601F135C3000CA799E /* AppDelegate.swift */,
				E25CE95A1F28AFC600C3220E /* AppTabBarController.swift */,
				E265FE911F2DF29200B11BE3 /* ViewController.swift */,
				E25CE96C1F28BBF300C3220E /* Books */,
				E25CE9641F28BB4200C3220E /* Shelf */,
				E26316981F13745400CA799E /* Model */,
				E25CE95D1F28B14D00C3220E /* Assets */,
				E25CE95C1F28B11E00C3220E /* Support Files */,
			);
			path = Pook;
			sourceTree = "<group>";
		};
		E26316761F135C3000CA799E /* PookTests */ = {
			isa = PBXGroup;
			children = (
				E26316771F135C3000CA799E /* PookTests.swift */,
				E26316791F135C3000CA799E /* Info.plist */,
			);
			path = PookTests;
			sourceTree = "<group>";
		};
		E26316811F135C3000CA799E /* PookUITests */ = {
			isa = PBXGroup;
			children = (
				E26316821F135C3000CA799E /* PookUITests.swift */,
				E26316841F135C3000CA799E /* Info.plist */,
			);
			path = PookUITests;
			sourceTree = "<group>";
		};
		E26316981F13745400CA799E /* Model */ = {
			isa = PBXGroup;
			children = (
				E26316921F13665300CA799E /* Book.swift */,
				E26316941F13742800CA799E /* Chapter.swift */,
				E26316961F13744F00CA799E /* Mark.swift */,
				E26316991F1374A000CA799E /* Record.swift */,
			);
			name = Model;
			sourceTree = "<group>";
		};
		E265FE931F2DF76100B11BE3 /* Assets */ = {
			isa = PBXGroup;
			children = (
				E265FE941F2DF76100B11BE3 /* G_Back_0@2x.png */,
				E265FE951F2DF76100B11BE3 /* G_Back_0@3x.png */,
				E265FE961F2DF76100B11BE3 /* G_Battery_Black@2x.png */,
				E265FE971F2DF76100B11BE3 /* G_Battery_Black@3x.png */,
				E265FE981F2DF76100B11BE3 /* read_bar_0@2x.png */,
				E265FE991F2DF76100B11BE3 /* read_bar_0@3x.png */,
				E265FE9A1F2DF76100B11BE3 /* read_bar_1@2x.png */,
				E265FE9B1F2DF76100B11BE3 /* read_bar_1@3x.png */,
				E265FE9C1F2DF76100B11BE3 /* read_bar_2@2x.png */,
				E265FE9D1F2DF76100B11BE3 /* read_bar_2@3x.png */,
				E265FE9E1F2DF76100B11BE3 /* read_bar_3@2x.png */,
				E265FE9F1F2DF76100B11BE3 /* read_bar_3@3x.png */,
				E265FEA01F2DF76100B11BE3 /* read_bg_0@2x.png */,
				E265FEA11F2DF76100B11BE3 /* read_bg_0@3x.png */,
				E265FEA21F2DF76100B11BE3 /* RM_0@2x.png */,
				E265FEA31F2DF76100B11BE3 /* RM_0@3x.png */,
				E265FEA41F2DF76100B11BE3 /* RM_10@2x.png */,
				E265FEA51F2DF76100B11BE3 /* RM_10@3x.png */,
				E265FEA61F2DF76100B11BE3 /* RM_11@2x.png */,
				E265FEA71F2DF76100B11BE3 /* RM_11@3x.png */,
				E265FEA81F2DF76100B11BE3 /* RM_13@2x.png */,
				E265FEA91F2DF76100B11BE3 /* RM_13@3x.png */,
				E265FEAA1F2DF76100B11BE3 /* RM_14@2x.png */,
				E265FEAB1F2DF76100B11BE3 /* RM_14@3x.png */,
				E265FEAC1F2DF76100B11BE3 /* RM_15@2x.png */,
				E265FEAD1F2DF76100B11BE3 /* RM_15@3x.png */,
				E265FEAE1F2DF76100B11BE3 /* RM_16@2x.png */,
				E265FEAF1F2DF76100B11BE3 /* RM_16@3x.png */,
				E265FEB01F2DF76100B11BE3 /* RM_17@2x.png */,
				E265FEB11F2DF76100B11BE3 /* RM_17@3x.png */,
				E265FEB21F2DF76100B11BE3 /* RM_18@2x.png */,
				E265FEB31F2DF76100B11BE3 /* RM_18@3x.png */,
				E265FEB41F2DF76100B11BE3 /* RM_1@2x.png */,
				E265FEB51F2DF76100B11BE3 /* RM_1@3x.png */,
				E265FEB61F2DF76100B11BE3 /* RM_2@2x.png */,
				E265FEB71F2DF76100B11BE3 /* RM_2@3x.png */,
				E265FEB81F2DF76100B11BE3 /* RM_3@2x.png */,
				E265FEB91F2DF76100B11BE3 /* RM_3@3x.png */,
				E265FEBA1F2DF76100B11BE3 /* RM_4@2x.png */,
				E265FEBB1F2DF76100B11BE3 /* RM_4@3x.png */,
				E265FEBC1F2DF76100B11BE3 /* RM_5@2x.png */,
				E265FEBD1F2DF76100B11BE3 /* RM_5@3x.png */,
				E265FEBE1F2DF76100B11BE3 /* RM_6@2x.png */,
				E265FEBF1F2DF76100B11BE3 /* RM_6@3x.png */,
				E265FEC01F2DF76100B11BE3 /* RM_7@2x.png */,
				E265FEC11F2DF76100B11BE3 /* RM_7@3x.png */,
				E265FEC21F2DF76100B11BE3 /* RM_8@2x.png */,
				E265FEC31F2DF76100B11BE3 /* RM_8@3x.png */,
				E265FEC41F2DF76100B11BE3 /* RM_9@2x.png */,
				E265FEC51F2DF76100B11BE3 /* RM_9@3x.png */,
			);
			path = Assets;
			sourceTree = "<group>";
		};
		E265FEFC1F2E080D00B11BE3 /* Lib */ = {
			isa = PBXGroup;
			children = (
				E265FEFD1F2E082C00B11BE3 /* Model.swift */,
				E265FEFF1F2E083800B11BE3 /* Api.swift */,
			);
			path = Lib;
			sourceTree = "<group>";
		};
/* End PBXGroup section */

/* Begin PBXHeadersBuildPhase section */
		E262EB9F1F284D7400D8BD66 /* Headers */ = {
			isa = PBXHeadersBuildPhase;
			buildActionMask = 2147483647;
			files = (
				E262EBB41F284D7400D8BD66 /* PooKit.h in Headers */,
				E25CE92F1F28911300C3220E /* DZMCoverController.h in Headers */,
				E25CE9311F28911300C3220E /* DZMeBookRead-Bridging-Pch.h in Headers */,
				E25CE9551F28911300C3220E /* UIView+YGPulseView.h in Headers */,
			);
			runOnlyForDeploymentPostprocessing = 0;
		};
/* End PBXHeadersBuildPhase section */

/* Begin PBXNativeTarget section */
		E262EBA11F284D7400D8BD66 /* PooKit */ = {
			isa = PBXNativeTarget;
			buildConfigurationList = E262EBB91F284D7400D8BD66 /* Build configuration list for PBXNativeTarget "PooKit" */;
			buildPhases = (
				1EE458FF6B58B365E315CF8D /* [CP] Check Pods Manifest.lock */,
				E262EB9D1F284D7400D8BD66 /* Sources */,
				E262EB9E1F284D7400D8BD66 /* Frameworks */,
				E262EB9F1F284D7400D8BD66 /* Headers */,
				E262EBA01F284D7400D8BD66 /* Resources */,
				096C1DA3D656921120519860 /* [CP] Copy Pods Resources */,
			);
			buildRules = (
			);
			dependencies = (
			);
			name = PooKit;
			productName = PooKit;
			productReference = E262EBA21F284D7400D8BD66 /* PooKit.framework */;
			productType = "com.apple.product-type.framework";
		};
		E262EBA91F284D7400D8BD66 /* PooKitTests */ = {
			isa = PBXNativeTarget;
			buildConfigurationList = E262EBBC1F284D7400D8BD66 /* Build configuration list for PBXNativeTarget "PooKitTests" */;
			buildPhases = (
				E262EBA61F284D7400D8BD66 /* Sources */,
				E262EBA71F284D7400D8BD66 /* Frameworks */,
				E262EBA81F284D7400D8BD66 /* Resources */,
			);
			buildRules = (
			);
			dependencies = (
				E262EBAD1F284D7400D8BD66 /* PBXTargetDependency */,
				E262EBAF1F284D7400D8BD66 /* PBXTargetDependency */,
			);
			name = PooKitTests;
			productName = PooKitTests;
			productReference = E262EBAA1F284D7400D8BD66 /* PooKitTests.xctest */;
			productType = "com.apple.product-type.bundle.unit-test";
		};
		E263165C1F135C3000CA799E /* Pook */ = {
			isa = PBXNativeTarget;
			buildConfigurationList = E26316871F135C3000CA799E /* Build configuration list for PBXNativeTarget "Pook" */;
			buildPhases = (
				42B6ED2D1D0B895E5DD507B3 /* [CP] Check Pods Manifest.lock */,
				E26316591F135C3000CA799E /* Sources */,
				E263165A1F135C3000CA799E /* Frameworks */,
				E263165B1F135C3000CA799E /* Resources */,
				B739C7EBD9665E0DA7D7CC09 /* [CP] Embed Pods Frameworks */,
				33B96E813215B76E2551C377 /* [CP] Copy Pods Resources */,
				E262EB431F284A8100D8BD66 /* Embed Frameworks */,
			);
			buildRules = (
			);
			dependencies = (
				E262EBB61F284D7400D8BD66 /* PBXTargetDependency */,
			);
			name = Pook;
			productName = Pook;
			productReference = E263165D1F135C3000CA799E /* Pook.app */;
			productType = "com.apple.product-type.application";
		};
		E26316721F135C3000CA799E /* PookTests */ = {
			isa = PBXNativeTarget;
			buildConfigurationList = E263168A1F135C3000CA799E /* Build configuration list for PBXNativeTarget "PookTests" */;
			buildPhases = (
				E263166F1F135C3000CA799E /* Sources */,
				E26316701F135C3000CA799E /* Frameworks */,
				E26316711F135C3000CA799E /* Resources */,
			);
			buildRules = (
			);
			dependencies = (
				E26316751F135C3000CA799E /* PBXTargetDependency */,
			);
			name = PookTests;
			productName = PookTests;
			productReference = E26316731F135C3000CA799E /* PookTests.xctest */;
			productType = "com.apple.product-type.bundle.unit-test";
		};
		E263167D1F135C3000CA799E /* PookUITests */ = {
			isa = PBXNativeTarget;
			buildConfigurationList = E263168D1F135C3000CA799E /* Build configuration list for PBXNativeTarget "PookUITests" */;
			buildPhases = (
				E263167A1F135C3000CA799E /* Sources */,
				E263167B1F135C3000CA799E /* Frameworks */,
				E263167C1F135C3000CA799E /* Resources */,
			);
			buildRules = (
			);
			dependencies = (
				E26316801F135C3000CA799E /* PBXTargetDependency */,
			);
			name = PookUITests;
			productName = PookUITests;
			productReference = E263167E1F135C3000CA799E /* PookUITests.xctest */;
			productType = "com.apple.product-type.bundle.ui-testing";
		};
/* End PBXNativeTarget section */

/* Begin PBXProject section */
		E26316551F135C3000CA799E /* Project object */ = {
			isa = PBXProject;
			attributes = {
				LastSwiftUpdateCheck = 0830;
				LastUpgradeCheck = 0830;
				ORGANIZATIONNAME = chihpin;
				TargetAttributes = {
					E262EBA11F284D7400D8BD66 = {
						CreatedOnToolsVersion = 8.3.2;
						DevelopmentTeam = FH25LM8QM4;
						LastSwiftMigration = 0830;
						ProvisioningStyle = Automatic;
					};
					E262EBA91F284D7400D8BD66 = {
						CreatedOnToolsVersion = 8.3.2;
						DevelopmentTeam = FH25LM8QM4;
						ProvisioningStyle = Automatic;
						TestTargetID = E263165C1F135C3000CA799E;
					};
					E263165C1F135C3000CA799E = {
						CreatedOnToolsVersion = 8.3.2;
						DevelopmentTeam = QV58JRZRL5;
						ProvisioningStyle = Automatic;
					};
					E26316721F135C3000CA799E = {
						CreatedOnToolsVersion = 8.3.2;
						DevelopmentTeam = FH25LM8QM4;
						ProvisioningStyle = Automatic;
						TestTargetID = E263165C1F135C3000CA799E;
					};
					E263167D1F135C3000CA799E = {
						CreatedOnToolsVersion = 8.3.2;
						DevelopmentTeam = FH25LM8QM4;
						ProvisioningStyle = Automatic;
						TestTargetID = E263165C1F135C3000CA799E;
					};
				};
			};
			buildConfigurationList = E26316581F135C3000CA799E /* Build configuration list for PBXProject "Pook" */;
			compatibilityVersion = "Xcode 3.2";
			developmentRegion = English;
			hasScannedForEncodings = 0;
			knownRegions = (
				en,
				Base,
			);
			mainGroup = E26316541F135C3000CA799E;
			productRefGroup = E263165E1F135C3000CA799E /* Products */;
			projectDirPath = "";
			projectRoot = "";
			targets = (
				E263165C1F135C3000CA799E /* Pook */,
				E26316721F135C3000CA799E /* PookTests */,
				E263167D1F135C3000CA799E /* PookUITests */,
				E262EBA11F284D7400D8BD66 /* PooKit */,
				E262EBA91F284D7400D8BD66 /* PooKitTests */,
			);
		};
/* End PBXProject section */

/* Begin PBXResourcesBuildPhase section */
		E262EBA01F284D7400D8BD66 /* Resources */ = {
			isa = PBXResourcesBuildPhase;
			buildActionMask = 2147483647;
			files = (
				E265FECB1F2DF76100B11BE3 /* read_bar_0@3x.png in Resources */,
				E265FED71F2DF76100B11BE3 /* RM_10@3x.png in Resources */,
				E265FEDE1F2DF76100B11BE3 /* RM_15@2x.png in Resources */,
				E265FECE1F2DF76100B11BE3 /* read_bar_2@2x.png in Resources */,
				E265FEE81F2DF76100B11BE3 /* RM_2@2x.png in Resources */,
				E265FEC81F2DF76100B11BE3 /* G_Battery_Black@2x.png in Resources */,
				E265FEF31F2DF76100B11BE3 /* RM_7@3x.png in Resources */,
				E265FEF01F2DF76100B11BE3 /* RM_6@2x.png in Resources */,
				E265FED01F2DF76100B11BE3 /* read_bar_3@2x.png in Resources */,
				E265FED61F2DF76100B11BE3 /* RM_10@2x.png in Resources */,
				E265FECA1F2DF76100B11BE3 /* read_bar_0@2x.png in Resources */,
				E265FEDF1F2DF76100B11BE3 /* RM_15@3x.png in Resources */,
				E265FED11F2DF76100B11BE3 /* read_bar_3@3x.png in Resources */,
				E265FECF1F2DF76100B11BE3 /* read_bar_2@3x.png in Resources */,
				E265FED51F2DF76100B11BE3 /* RM_0@3x.png in Resources */,
				E265FEC91F2DF76100B11BE3 /* G_Battery_Black@3x.png in Resources */,
				E265FEE21F2DF76100B11BE3 /* RM_17@2x.png in Resources */,
				E265FED21F2DF76100B11BE3 /* read_bg_0@2x.png in Resources */,
				E265FEE61F2DF76100B11BE3 /* RM_1@2x.png in Resources */,
				E265FEDA1F2DF76100B11BE3 /* RM_13@2x.png in Resources */,
				E265FED41F2DF76100B11BE3 /* RM_0@2x.png in Resources */,
				E265FEE51F2DF76100B11BE3 /* RM_18@3x.png in Resources */,
				E265FEF11F2DF76100B11BE3 /* RM_6@3x.png in Resources */,
				E265FEC61F2DF76100B11BE3 /* G_Back_0@2x.png in Resources */,
				E265FEE91F2DF76100B11BE3 /* RM_2@3x.png in Resources */,
				E265FEE71F2DF76100B11BE3 /* RM_1@3x.png in Resources */,
				E265FED81F2DF76100B11BE3 /* RM_11@2x.png in Resources */,
				E265FEDB1F2DF76100B11BE3 /* RM_13@3x.png in Resources */,
				E265FEE41F2DF76100B11BE3 /* RM_18@2x.png in Resources */,
				E265FEEF1F2DF76100B11BE3 /* RM_5@3x.png in Resources */,
				E265FEF61F2DF76100B11BE3 /* RM_9@2x.png in Resources */,
				E265FEEB1F2DF76100B11BE3 /* RM_3@3x.png in Resources */,
				E265FEED1F2DF76100B11BE3 /* RM_4@3x.png in Resources */,
				E265FEC71F2DF76100B11BE3 /* G_Back_0@3x.png in Resources */,
				E265FECC1F2DF76100B11BE3 /* read_bar_1@2x.png in Resources */,
				E265FEDC1F2DF76100B11BE3 /* RM_14@2x.png in Resources */,
				E265FEF71F2DF76100B11BE3 /* RM_9@3x.png in Resources */,
				E265FECD1F2DF76100B11BE3 /* read_bar_1@3x.png in Resources */,
				E265FEE11F2DF76100B11BE3 /* RM_16@3x.png in Resources */,
				E265FEF41F2DF76100B11BE3 /* RM_8@2x.png in Resources */,
				E265FEE01F2DF76100B11BE3 /* RM_16@2x.png in Resources */,
				E265FEEC1F2DF76100B11BE3 /* RM_4@2x.png in Resources */,
				E265FEF21F2DF76100B11BE3 /* RM_7@2x.png in Resources */,
				E265FEEE1F2DF76100B11BE3 /* RM_5@2x.png in Resources */,
				E265FEE31F2DF76100B11BE3 /* RM_17@3x.png in Resources */,
				E265FEDD1F2DF76100B11BE3 /* RM_14@3x.png in Resources */,
				E265FED91F2DF76100B11BE3 /* RM_11@3x.png in Resources */,
				E265FEEA1F2DF76100B11BE3 /* RM_3@2x.png in Resources */,
				E265FED31F2DF76100B11BE3 /* read_bg_0@3x.png in Resources */,
				E265FEF51F2DF76100B11BE3 /* RM_8@3x.png in Resources */,
			);
			runOnlyForDeploymentPostprocessing = 0;
		};
		E262EBA81F284D7400D8BD66 /* Resources */ = {
			isa = PBXResourcesBuildPhase;
			buildActionMask = 2147483647;
			files = (
			);
			runOnlyForDeploymentPostprocessing = 0;
		};
		E263165B1F135C3000CA799E /* Resources */ = {
			isa = PBXResourcesBuildPhase;
			buildActionMask = 2147483647;
			files = (
				E263166D1F135C3000CA799E /* LaunchScreen.storyboard in Resources */,
				E263166A1F135C3000CA799E /* Assets.xcassets in Resources */,
				E263169F1F1375B800CA799E /* 求魔.txt in Resources */,
				E26316681F135C3000CA799E /* Main.storyboard in Resources */,
			);
			runOnlyForDeploymentPostprocessing = 0;
		};
		E26316711F135C3000CA799E /* Resources */ = {
			isa = PBXResourcesBuildPhase;
			buildActionMask = 2147483647;
			files = (
			);
			runOnlyForDeploymentPostprocessing = 0;
		};
		E263167C1F135C3000CA799E /* Resources */ = {
			isa = PBXResourcesBuildPhase;
			buildActionMask = 2147483647;
			files = (
			);
			runOnlyForDeploymentPostprocessing = 0;
		};
/* End PBXResourcesBuildPhase section */

/* Begin PBXShellScriptBuildPhase section */
		096C1DA3D656921120519860 /* [CP] Copy Pods Resources */ = {
			isa = PBXShellScriptBuildPhase;
			buildActionMask = 2147483647;
			files = (
			);
			inputPaths = (
			);
			name = "[CP] Copy Pods Resources";
			outputPaths = (
			);
			runOnlyForDeploymentPostprocessing = 0;
			shellPath = /bin/sh;
			shellScript = "\"${SRCROOT}/Pods/Target Support Files/Pods-PooKit/Pods-PooKit-resources.sh\"\n";
			showEnvVarsInLog = 0;
		};
		1EE458FF6B58B365E315CF8D /* [CP] Check Pods Manifest.lock */ = {
			isa = PBXShellScriptBuildPhase;
			buildActionMask = 2147483647;
			files = (
			);
			inputPaths = (
				"${PODS_PODFILE_DIR_PATH}/Podfile.lock",
				"${PODS_ROOT}/Manifest.lock",
			);
			name = "[CP] Check Pods Manifest.lock";
			outputPaths = (
				"$(DERIVED_FILE_DIR)/Pods-PooKit-checkManifestLockResult.txt",
			);
			runOnlyForDeploymentPostprocessing = 0;
			shellPath = /bin/sh;
			shellScript = "diff \"${PODS_PODFILE_DIR_PATH}/Podfile.lock\" \"${PODS_ROOT}/Manifest.lock\" > /dev/null\nif [ $? != 0 ] ; then\n    # print error to STDERR\n    echo \"error: The sandbox is not in sync with the Podfile.lock. Run 'pod install' or update your CocoaPods installation.\" >&2\n    exit 1\nfi\n# This output is used by Xcode 'outputs' to avoid re-running this script phase.\necho \"SUCCESS\" > \"${SCRIPT_OUTPUT_FILE_0}\"\n";
			showEnvVarsInLog = 0;
		};
		33B96E813215B76E2551C377 /* [CP] Copy Pods Resources */ = {
			isa = PBXShellScriptBuildPhase;
			buildActionMask = 2147483647;
			files = (
			);
			inputPaths = (
			);
			name = "[CP] Copy Pods Resources";
			outputPaths = (
			);
			runOnlyForDeploymentPostprocessing = 0;
			shellPath = /bin/sh;
			shellScript = "\"${SRCROOT}/Pods/Target Support Files/Pods-Pook/Pods-Pook-resources.sh\"\n";
			showEnvVarsInLog = 0;
		};
		42B6ED2D1D0B895E5DD507B3 /* [CP] Check Pods Manifest.lock */ = {
			isa = PBXShellScriptBuildPhase;
			buildActionMask = 2147483647;
			files = (
			);
			inputPaths = (
				"${PODS_PODFILE_DIR_PATH}/Podfile.lock",
				"${PODS_ROOT}/Manifest.lock",
			);
			name = "[CP] Check Pods Manifest.lock";
			outputPaths = (
				"$(DERIVED_FILE_DIR)/Pods-Pook-checkManifestLockResult.txt",
			);
			runOnlyForDeploymentPostprocessing = 0;
			shellPath = /bin/sh;
			shellScript = "diff \"${PODS_PODFILE_DIR_PATH}/Podfile.lock\" \"${PODS_ROOT}/Manifest.lock\" > /dev/null\nif [ $? != 0 ] ; then\n    # print error to STDERR\n    echo \"error: The sandbox is not in sync with the Podfile.lock. Run 'pod install' or update your CocoaPods installation.\" >&2\n    exit 1\nfi\n# This output is used by Xcode 'outputs' to avoid re-running this script phase.\necho \"SUCCESS\" > \"${SCRIPT_OUTPUT_FILE_0}\"\n";
			showEnvVarsInLog = 0;
		};
		B739C7EBD9665E0DA7D7CC09 /* [CP] Embed Pods Frameworks */ = {
			isa = PBXShellScriptBuildPhase;
			buildActionMask = 2147483647;
			files = (
			);
			inputPaths = (
				"${SRCROOT}/Pods/Target Support Files/Pods-Pook/Pods-Pook-frameworks.sh",
				"${BUILT_PRODUCTS_DIR}/ASValueTrackingSlider/ASValueTrackingSlider.framework",
				"${BUILT_PRODUCTS_DIR}/FDFullscreenPopGesture/FDFullscreenPopGesture.framework",
				"${BUILT_PRODUCTS_DIR}/RNCryptor/RNCryptor.framework",
				"${BUILT_PRODUCTS_DIR}/Alamofire/Alamofire.framework",
				"${BUILT_PRODUCTS_DIR}/PooKit/PooKit.framework",
			);
			name = "[CP] Embed Pods Frameworks";
			outputPaths = (
				"${TARGET_BUILD_DIR}/${FRAMEWORKS_FOLDER_PATH}/ASValueTrackingSlider.framework",
				"${TARGET_BUILD_DIR}/${FRAMEWORKS_FOLDER_PATH}/FDFullscreenPopGesture.framework",
				"${TARGET_BUILD_DIR}/${FRAMEWORKS_FOLDER_PATH}/RNCryptor.framework",
				"${TARGET_BUILD_DIR}/${FRAMEWORKS_FOLDER_PATH}/Alamofire.framework",
				"${TARGET_BUILD_DIR}/${FRAMEWORKS_FOLDER_PATH}/PooKit.framework",
			);
			runOnlyForDeploymentPostprocessing = 0;
			shellPath = /bin/sh;
			shellScript = "\"${SRCROOT}/Pods/Target Support Files/Pods-Pook/Pods-Pook-frameworks.sh\"\n";
			showEnvVarsInLog = 0;
		};
/* End PBXShellScriptBuildPhase section */

/* Begin PBXSourcesBuildPhase section */
		E262EB9D1F284D7400D8BD66 /* Sources */ = {
			isa = PBXSourcesBuildPhase;
			buildActionMask = 2147483647;
			files = (
				E25CE9361F28911300C3220E /* DZMReadOperation.swift in Sources */,
				E25CE9451F28911300C3220E /* DZMHaloButton.swift in Sources */,
				E25CE9341F28911300C3220E /* DZMReadConfigure.swift in Sources */,
				E25CE93F1F28911300C3220E /* UIView+Extension.swift in Sources */,
				E25CE93E1F28911300C3220E /* UITableView+Extension.swift in Sources */,
				E25CE94C1F28911300C3220E /* DZMRMColorView.swift in Sources */,
				E25CE9491F28911300C3220E /* DZMReadViewUDCell.swift in Sources */,
				E25CE9371F28911300C3220E /* DZMReadParser.swift in Sources */,
				E25CE9541F28911300C3220E /* DZMUserDefaults.swift in Sources */,
				E25CE93B1F28911300C3220E /* String+Extension.swift in Sources */,
				E25CE9411F28911300C3220E /* DZMReadChapterModel.swift in Sources */,
				E25CE94A1F28911300C3220E /* DZMRMBaseView.swift in Sources */,
				E25CE94F1F28911300C3220E /* DZMRMLightView.swift in Sources */,
				E25CE9441F28911300C3220E /* DZMReadRecordModel.swift in Sources */,
				E25CE93A1F28911300C3220E /* NSObject+Extension.swift in Sources */,
				E25CE9461F28911300C3220E /* DZMReadMenu.swift in Sources */,
				E25CE9531F28911300C3220E /* DZMSegmentedControl.swift in Sources */,
				E25CE9431F28911300C3220E /* DZMReadModel.swift in Sources */,
				E265FEFB1F2DF8DF00B11BE3 /* UIImage+FrameworkBundle.swift in Sources */,
				E25CE9561F28911300C3220E /* UIView+YGPulseView.m in Sources */,
				E25CE9391F28911300C3220E /* DZMViewController.swift in Sources */,
				E25CE9471F28911300C3220E /* DZMReadView.swift in Sources */,
				E25CE9511F28911300C3220E /* DZMRMStatusView.swift in Sources */,
				E25CE93D1F28911300C3220E /* UIScrollView+Extension.swift in Sources */,
				E25CE9501F28911300C3220E /* DZMRMSettingView.swift in Sources */,
				E25CE9301F28911300C3220E /* DZMCoverController.m in Sources */,
				E25CE93C1F28911300C3220E /* UIPageViewController+Extension.swift in Sources */,
				E25CE9581F28913300C3220E /* DZMBatteryView.swift in Sources */,
				E25CE9381F28911300C3220E /* DZMReadViewController.swift in Sources */,
				E25CE9351F28911300C3220E /* DZMReadController.swift in Sources */,
				E25CE94B1F28911300C3220E /* DZMRMBottomView.swift in Sources */,
				E25CE9521F28911300C3220E /* DZMRMTopView.swift in Sources */,
				E25CE9481F28911300C3220E /* DZMReadViewCell.swift in Sources */,
				E25CE9421F28911300C3220E /* DZMReadMarkModel.swift in Sources */,
				E25CE9321F28911300C3220E /* DZMGlobalMethod.swift in Sources */,
				E25CE94E1F28911300C3220E /* DZMRMLeftView.swift in Sources */,
				E25CE9401F28911300C3220E /* DZMReadChapterListModel.swift in Sources */,
				E25CE9331F28911300C3220E /* DZMGlobalProperty.swift in Sources */,
				E25CE94D1F28911300C3220E /* DZMRMFuncView.swift in Sources */,
			);
			runOnlyForDeploymentPostprocessing = 0;
		};
		E262EBA61F284D7400D8BD66 /* Sources */ = {
			isa = PBXSourcesBuildPhase;
			buildActionMask = 2147483647;
			files = (
				E262EBB21F284D7400D8BD66 /* PooKitTests.swift in Sources */,
			);
			runOnlyForDeploymentPostprocessing = 0;
		};
		E26316591F135C3000CA799E /* Sources */ = {
			isa = PBXSourcesBuildPhase;
			buildActionMask = 2147483647;
			files = (
				E26316951F13742800CA799E /* Chapter.swift in Sources */,
				E25CE95B1F28AFC600C3220E /* AppTabBarController.swift in Sources */,
				E25CE9681F28BB6400C3220E /* ShelfCollectionView.swift in Sources */,
				E265FE921F2DF29200B11BE3 /* ViewController.swift in Sources */,
				E26316971F13744F00CA799E /* Mark.swift in Sources */,
				E25CE96E1F28BC0200C3220E /* BooksViewController.swift in Sources */,
				E265FF001F2E083800B11BE3 /* Api.swift in Sources */,
				E25CE96B1F28BBC600C3220E /* ShelfViewController.swift in Sources */,
				E26316611F135C3000CA799E /* AppDelegate.swift in Sources */,
				E265FEFE1F2E082C00B11BE3 /* Model.swift in Sources */,
				E263169A1F1374A000CA799E /* Record.swift in Sources */,
				E26316931F13665300CA799E /* Book.swift in Sources */,
			);
			runOnlyForDeploymentPostprocessing = 0;
		};
		E263166F1F135C3000CA799E /* Sources */ = {
			isa = PBXSourcesBuildPhase;
			buildActionMask = 2147483647;
			files = (
				E26316781F135C3000CA799E /* PookTests.swift in Sources */,
			);
			runOnlyForDeploymentPostprocessing = 0;
		};
		E263167A1F135C3000CA799E /* Sources */ = {
			isa = PBXSourcesBuildPhase;
			buildActionMask = 2147483647;
			files = (
				E26316831F135C3000CA799E /* PookUITests.swift in Sources */,
			);
			runOnlyForDeploymentPostprocessing = 0;
		};
/* End PBXSourcesBuildPhase section */

/* Begin PBXTargetDependency section */
		E262EBAD1F284D7400D8BD66 /* PBXTargetDependency */ = {
			isa = PBXTargetDependency;
			target = E262EBA11F284D7400D8BD66 /* PooKit */;
			targetProxy = E262EBAC1F284D7400D8BD66 /* PBXContainerItemProxy */;
		};
		E262EBAF1F284D7400D8BD66 /* PBXTargetDependency */ = {
			isa = PBXTargetDependency;
			target = E263165C1F135C3000CA799E /* Pook */;
			targetProxy = E262EBAE1F284D7400D8BD66 /* PBXContainerItemProxy */;
		};
		E262EBB61F284D7400D8BD66 /* PBXTargetDependency */ = {
			isa = PBXTargetDependency;
			target = E262EBA11F284D7400D8BD66 /* PooKit */;
			targetProxy = E262EBB51F284D7400D8BD66 /* PBXContainerItemProxy */;
		};
		E26316751F135C3000CA799E /* PBXTargetDependency */ = {
			isa = PBXTargetDependency;
			target = E263165C1F135C3000CA799E /* Pook */;
			targetProxy = E26316741F135C3000CA799E /* PBXContainerItemProxy */;
		};
		E26316801F135C3000CA799E /* PBXTargetDependency */ = {
			isa = PBXTargetDependency;
			target = E263165C1F135C3000CA799E /* Pook */;
			targetProxy = E263167F1F135C3000CA799E /* PBXContainerItemProxy */;
		};
/* End PBXTargetDependency section */

/* Begin PBXVariantGroup section */
		E26316661F135C3000CA799E /* Main.storyboard */ = {
			isa = PBXVariantGroup;
			children = (
				E26316671F135C3000CA799E /* Base */,
			);
			name = Main.storyboard;
			sourceTree = "<group>";
		};
		E263166B1F135C3000CA799E /* LaunchScreen.storyboard */ = {
			isa = PBXVariantGroup;
			children = (
				E263166C1F135C3000CA799E /* Base */,
			);
			name = LaunchScreen.storyboard;
			sourceTree = "<group>";
		};
/* End PBXVariantGroup section */

/* Begin XCBuildConfiguration section */
		E262EBBA1F284D7400D8BD66 /* Debug */ = {
			isa = XCBuildConfiguration;
			baseConfigurationReference = BB858A42392B6312ACE8E690 /* Pods-PooKit.debug.xcconfig */;
			buildSettings = {
				CLANG_ENABLE_MODULES = YES;
				CODE_SIGN_IDENTITY = "";
				CURRENT_PROJECT_VERSION = 1;
				DEFINES_MODULE = YES;
				DEVELOPMENT_TEAM = FH25LM8QM4;
				DYLIB_COMPATIBILITY_VERSION = 1;
				DYLIB_CURRENT_VERSION = 1;
				DYLIB_INSTALL_NAME_BASE = "@rpath";
				INFOPLIST_FILE = PooKit/Info.plist;
				INSTALL_PATH = "$(LOCAL_LIBRARY_DIR)/Frameworks";
				LD_RUNPATH_SEARCH_PATHS = "$(inherited) @executable_path/Frameworks @loader_path/Frameworks";
				PRODUCT_BUNDLE_IDENTIFIER = com.chihpin.PooKit;
				PRODUCT_NAME = "$(TARGET_NAME)";
				SKIP_INSTALL = YES;
				SWIFT_OBJC_BRIDGING_HEADER = "";
				SWIFT_OPTIMIZATION_LEVEL = "-Onone";
				SWIFT_VERSION = 3.0;
				TARGETED_DEVICE_FAMILY = "1,2";
				VERSIONING_SYSTEM = "apple-generic";
				VERSION_INFO_PREFIX = "";
			};
			name = Debug;
		};
		E262EBBB1F284D7400D8BD66 /* Release */ = {
			isa = XCBuildConfiguration;
			baseConfigurationReference = E9AB111410656462D0A0A4E0 /* Pods-PooKit.release.xcconfig */;
			buildSettings = {
				CLANG_ENABLE_MODULES = YES;
				CODE_SIGN_IDENTITY = "";
				CURRENT_PROJECT_VERSION = 1;
				DEFINES_MODULE = YES;
				DEVELOPMENT_TEAM = FH25LM8QM4;
				DYLIB_COMPATIBILITY_VERSION = 1;
				DYLIB_CURRENT_VERSION = 1;
				DYLIB_INSTALL_NAME_BASE = "@rpath";
				INFOPLIST_FILE = PooKit/Info.plist;
				INSTALL_PATH = "$(LOCAL_LIBRARY_DIR)/Frameworks";
				LD_RUNPATH_SEARCH_PATHS = "$(inherited) @executable_path/Frameworks @loader_path/Frameworks";
				PRODUCT_BUNDLE_IDENTIFIER = com.chihpin.PooKit;
				PRODUCT_NAME = "$(TARGET_NAME)";
				SKIP_INSTALL = YES;
				SWIFT_OBJC_BRIDGING_HEADER = "";
				SWIFT_VERSION = 3.0;
				TARGETED_DEVICE_FAMILY = "1,2";
				VERSIONING_SYSTEM = "apple-generic";
				VERSION_INFO_PREFIX = "";
			};
			name = Release;
		};
		E262EBBD1F284D7400D8BD66 /* Debug */ = {
			isa = XCBuildConfiguration;
			buildSettings = {
				ALWAYS_EMBED_SWIFT_STANDARD_LIBRARIES = YES;
				DEVELOPMENT_TEAM = FH25LM8QM4;
				INFOPLIST_FILE = PooKitTests/Info.plist;
				LD_RUNPATH_SEARCH_PATHS = "$(inherited) @executable_path/Frameworks @loader_path/Frameworks";
				PRODUCT_BUNDLE_IDENTIFIER = com.chihpin.PooKitTests;
				PRODUCT_NAME = "$(TARGET_NAME)";
				SWIFT_VERSION = 3.0;
				TEST_HOST = "$(BUILT_PRODUCTS_DIR)/Pook.app/Pook";
			};
			name = Debug;
		};
		E262EBBE1F284D7400D8BD66 /* Release */ = {
			isa = XCBuildConfiguration;
			buildSettings = {
				ALWAYS_EMBED_SWIFT_STANDARD_LIBRARIES = YES;
				DEVELOPMENT_TEAM = FH25LM8QM4;
				INFOPLIST_FILE = PooKitTests/Info.plist;
				LD_RUNPATH_SEARCH_PATHS = "$(inherited) @executable_path/Frameworks @loader_path/Frameworks";
				PRODUCT_BUNDLE_IDENTIFIER = com.chihpin.PooKitTests;
				PRODUCT_NAME = "$(TARGET_NAME)";
				SWIFT_VERSION = 3.0;
				TEST_HOST = "$(BUILT_PRODUCTS_DIR)/Pook.app/Pook";
			};
			name = Release;
		};
		E26316851F135C3000CA799E /* Debug */ = {
			isa = XCBuildConfiguration;
			buildSettings = {
				ALWAYS_SEARCH_USER_PATHS = NO;
				CLANG_ANALYZER_NONNULL = YES;
				CLANG_ANALYZER_NUMBER_OBJECT_CONVERSION = YES_AGGRESSIVE;
				CLANG_CXX_LANGUAGE_STANDARD = "gnu++0x";
				CLANG_CXX_LIBRARY = "libc++";
				CLANG_ENABLE_MODULES = YES;
				CLANG_ENABLE_OBJC_ARC = YES;
				CLANG_WARN_BOOL_CONVERSION = YES;
				CLANG_WARN_CONSTANT_CONVERSION = YES;
				CLANG_WARN_DIRECT_OBJC_ISA_USAGE = YES_ERROR;
				CLANG_WARN_DOCUMENTATION_COMMENTS = YES;
				CLANG_WARN_EMPTY_BODY = YES;
				CLANG_WARN_ENUM_CONVERSION = YES;
				CLANG_WARN_INFINITE_RECURSION = YES;
				CLANG_WARN_INT_CONVERSION = YES;
				CLANG_WARN_OBJC_ROOT_CLASS = YES_ERROR;
				CLANG_WARN_SUSPICIOUS_MOVE = YES;
				CLANG_WARN_UNREACHABLE_CODE = YES;
				CLANG_WARN__DUPLICATE_METHOD_MATCH = YES;
				"CODE_SIGN_IDENTITY[sdk=iphoneos*]" = "iPhone Developer";
				COPY_PHASE_STRIP = NO;
				DEBUG_INFORMATION_FORMAT = dwarf;
				ENABLE_STRICT_OBJC_MSGSEND = YES;
				ENABLE_TESTABILITY = YES;
				GCC_C_LANGUAGE_STANDARD = gnu99;
				GCC_DYNAMIC_NO_PIC = NO;
				GCC_NO_COMMON_BLOCKS = YES;
				GCC_OPTIMIZATION_LEVEL = 0;
				GCC_PREPROCESSOR_DEFINITIONS = (
					"DEBUG=1",
					"$(inherited)",
				);
				GCC_WARN_64_TO_32_BIT_CONVERSION = YES;
				GCC_WARN_ABOUT_RETURN_TYPE = YES_ERROR;
				GCC_WARN_UNDECLARED_SELECTOR = YES;
				GCC_WARN_UNINITIALIZED_AUTOS = YES_AGGRESSIVE;
				GCC_WARN_UNUSED_FUNCTION = YES;
				GCC_WARN_UNUSED_VARIABLE = YES;
				IPHONEOS_DEPLOYMENT_TARGET = 8.0;
				MTL_ENABLE_DEBUG_INFO = YES;
				ONLY_ACTIVE_ARCH = YES;
				SDKROOT = iphoneos;
				SWIFT_ACTIVE_COMPILATION_CONDITIONS = DEBUG;
				SWIFT_OPTIMIZATION_LEVEL = "-Onone";
			};
			name = Debug;
		};
		E26316861F135C3000CA799E /* Release */ = {
			isa = XCBuildConfiguration;
			buildSettings = {
				ALWAYS_SEARCH_USER_PATHS = NO;
				CLANG_ANALYZER_NONNULL = YES;
				CLANG_ANALYZER_NUMBER_OBJECT_CONVERSION = YES_AGGRESSIVE;
				CLANG_CXX_LANGUAGE_STANDARD = "gnu++0x";
				CLANG_CXX_LIBRARY = "libc++";
				CLANG_ENABLE_MODULES = YES;
				CLANG_ENABLE_OBJC_ARC = YES;
				CLANG_WARN_BOOL_CONVERSION = YES;
				CLANG_WARN_CONSTANT_CONVERSION = YES;
				CLANG_WARN_DIRECT_OBJC_ISA_USAGE = YES_ERROR;
				CLANG_WARN_DOCUMENTATION_COMMENTS = YES;
				CLANG_WARN_EMPTY_BODY = YES;
				CLANG_WARN_ENUM_CONVERSION = YES;
				CLANG_WARN_INFINITE_RECURSION = YES;
				CLANG_WARN_INT_CONVERSION = YES;
				CLANG_WARN_OBJC_ROOT_CLASS = YES_ERROR;
				CLANG_WARN_SUSPICIOUS_MOVE = YES;
				CLANG_WARN_UNREACHABLE_CODE = YES;
				CLANG_WARN__DUPLICATE_METHOD_MATCH = YES;
				"CODE_SIGN_IDENTITY[sdk=iphoneos*]" = "iPhone Developer";
				COPY_PHASE_STRIP = NO;
				DEBUG_INFORMATION_FORMAT = "dwarf-with-dsym";
				ENABLE_NS_ASSERTIONS = NO;
				ENABLE_STRICT_OBJC_MSGSEND = YES;
				GCC_C_LANGUAGE_STANDARD = gnu99;
				GCC_NO_COMMON_BLOCKS = YES;
				GCC_WARN_64_TO_32_BIT_CONVERSION = YES;
				GCC_WARN_ABOUT_RETURN_TYPE = YES_ERROR;
				GCC_WARN_UNDECLARED_SELECTOR = YES;
				GCC_WARN_UNINITIALIZED_AUTOS = YES_AGGRESSIVE;
				GCC_WARN_UNUSED_FUNCTION = YES;
				GCC_WARN_UNUSED_VARIABLE = YES;
				IPHONEOS_DEPLOYMENT_TARGET = 8.0;
				MTL_ENABLE_DEBUG_INFO = NO;
				SDKROOT = iphoneos;
				SWIFT_OPTIMIZATION_LEVEL = "-Owholemodule";
				VALIDATE_PRODUCT = YES;
			};
			name = Release;
		};
		E26316881F135C3000CA799E /* Debug */ = {
			isa = XCBuildConfiguration;
			baseConfigurationReference = BBF74C071119EB9C763F6F21 /* Pods-Pook.debug.xcconfig */;
			buildSettings = {
				ALWAYS_EMBED_SWIFT_STANDARD_LIBRARIES = "$(inherited)";
				ASSETCATALOG_COMPILER_APPICON_NAME = AppIcon;
				DEVELOPMENT_TEAM = QV58JRZRL5;
				INFOPLIST_FILE = Pook/Info.plist;
				IPHONEOS_DEPLOYMENT_TARGET = 8.0;
				LD_RUNPATH_SEARCH_PATHS = "$(inherited) @executable_path/Frameworks";
				PRODUCT_BUNDLE_IDENTIFIER = com.chihpin.pook.demo;
				PRODUCT_NAME = "$(TARGET_NAME)";
				SWIFT_VERSION = 3.0;
			};
			name = Debug;
		};
		E26316891F135C3000CA799E /* Release */ = {
			isa = XCBuildConfiguration;
			baseConfigurationReference = 8BE401810B5B98F3308EB1C1 /* Pods-Pook.release.xcconfig */;
			buildSettings = {
				ALWAYS_EMBED_SWIFT_STANDARD_LIBRARIES = "$(inherited)";
				ASSETCATALOG_COMPILER_APPICON_NAME = AppIcon;
				DEVELOPMENT_TEAM = QV58JRZRL5;
				INFOPLIST_FILE = Pook/Info.plist;
				IPHONEOS_DEPLOYMENT_TARGET = 8.0;
				LD_RUNPATH_SEARCH_PATHS = "$(inherited) @executable_path/Frameworks";
				PRODUCT_BUNDLE_IDENTIFIER = com.chihpin.pook.demo;
				PRODUCT_NAME = "$(TARGET_NAME)";
				SWIFT_VERSION = 3.0;
			};
			name = Release;
		};
		E263168B1F135C3000CA799E /* Debug */ = {
			isa = XCBuildConfiguration;
			buildSettings = {
				ALWAYS_EMBED_SWIFT_STANDARD_LIBRARIES = YES;
				BUNDLE_LOADER = "$(TEST_HOST)";
				DEVELOPMENT_TEAM = FH25LM8QM4;
				INFOPLIST_FILE = PookTests/Info.plist;
				LD_RUNPATH_SEARCH_PATHS = "$(inherited) @executable_path/Frameworks @loader_path/Frameworks";
				PRODUCT_BUNDLE_IDENTIFIER = com.chihpin.PookTests;
				PRODUCT_NAME = "$(TARGET_NAME)";
				SWIFT_VERSION = 3.0;
				TEST_HOST = "$(BUILT_PRODUCTS_DIR)/Pook.app/Pook";
			};
			name = Debug;
		};
		E263168C1F135C3000CA799E /* Release */ = {
			isa = XCBuildConfiguration;
			buildSettings = {
				ALWAYS_EMBED_SWIFT_STANDARD_LIBRARIES = YES;
				BUNDLE_LOADER = "$(TEST_HOST)";
				DEVELOPMENT_TEAM = FH25LM8QM4;
				INFOPLIST_FILE = PookTests/Info.plist;
				LD_RUNPATH_SEARCH_PATHS = "$(inherited) @executable_path/Frameworks @loader_path/Frameworks";
				PRODUCT_BUNDLE_IDENTIFIER = com.chihpin.PookTests;
				PRODUCT_NAME = "$(TARGET_NAME)";
				SWIFT_VERSION = 3.0;
				TEST_HOST = "$(BUILT_PRODUCTS_DIR)/Pook.app/Pook";
			};
			name = Release;
		};
		E263168E1F135C3000CA799E /* Debug */ = {
			isa = XCBuildConfiguration;
			buildSettings = {
				ALWAYS_EMBED_SWIFT_STANDARD_LIBRARIES = YES;
				DEVELOPMENT_TEAM = FH25LM8QM4;
				INFOPLIST_FILE = PookUITests/Info.plist;
				LD_RUNPATH_SEARCH_PATHS = "$(inherited) @executable_path/Frameworks @loader_path/Frameworks";
				PRODUCT_BUNDLE_IDENTIFIER = com.chihpin.PookUITests;
				PRODUCT_NAME = "$(TARGET_NAME)";
				SWIFT_VERSION = 3.0;
				TEST_TARGET_NAME = Pook;
			};
			name = Debug;
		};
		E263168F1F135C3000CA799E /* Release */ = {
			isa = XCBuildConfiguration;
			buildSettings = {
				ALWAYS_EMBED_SWIFT_STANDARD_LIBRARIES = YES;
				DEVELOPMENT_TEAM = FH25LM8QM4;
				INFOPLIST_FILE = PookUITests/Info.plist;
				LD_RUNPATH_SEARCH_PATHS = "$(inherited) @executable_path/Frameworks @loader_path/Frameworks";
				PRODUCT_BUNDLE_IDENTIFIER = com.chihpin.PookUITests;
				PRODUCT_NAME = "$(TARGET_NAME)";
				SWIFT_VERSION = 3.0;
				TEST_TARGET_NAME = Pook;
			};
			name = Release;
		};
/* End XCBuildConfiguration section */

/* Begin XCConfigurationList section */
		E262EBB91F284D7400D8BD66 /* Build configuration list for PBXNativeTarget "PooKit" */ = {
			isa = XCConfigurationList;
			buildConfigurations = (
				E262EBBA1F284D7400D8BD66 /* Debug */,
				E262EBBB1F284D7400D8BD66 /* Release */,
			);
			defaultConfigurationIsVisible = 0;
			defaultConfigurationName = Release;
		};
		E262EBBC1F284D7400D8BD66 /* Build configuration list for PBXNativeTarget "PooKitTests" */ = {
			isa = XCConfigurationList;
			buildConfigurations = (
				E262EBBD1F284D7400D8BD66 /* Debug */,
				E262EBBE1F284D7400D8BD66 /* Release */,
			);
			defaultConfigurationIsVisible = 0;
			defaultConfigurationName = Release;
		};
		E26316581F135C3000CA799E /* Build configuration list for PBXProject "Pook" */ = {
			isa = XCConfigurationList;
			buildConfigurations = (
				E26316851F135C3000CA799E /* Debug */,
				E26316861F135C3000CA799E /* Release */,
			);
			defaultConfigurationIsVisible = 0;
			defaultConfigurationName = Release;
		};
		E26316871F135C3000CA799E /* Build configuration list for PBXNativeTarget "Pook" */ = {
			isa = XCConfigurationList;
			buildConfigurations = (
				E26316881F135C3000CA799E /* Debug */,
				E26316891F135C3000CA799E /* Release */,
			);
			defaultConfigurationIsVisible = 0;
			defaultConfigurationName = Release;
		};
		E263168A1F135C3000CA799E /* Build configuration list for PBXNativeTarget "PookTests" */ = {
			isa = XCConfigurationList;
			buildConfigurations = (
				E263168B1F135C3000CA799E /* Debug */,
				E263168C1F135C3000CA799E /* Release */,
			);
			defaultConfigurationIsVisible = 0;
			defaultConfigurationName = Release;
		};
		E263168D1F135C3000CA799E /* Build configuration list for PBXNativeTarget "PookUITests" */ = {
			isa = XCConfigurationList;
			buildConfigurations = (
				E263168E1F135C3000CA799E /* Debug */,
				E263168F1F135C3000CA799E /* Release */,
			);
			defaultConfigurationIsVisible = 0;
			defaultConfigurationName = Release;
		};
/* End XCConfigurationList section */
	};
	rootObject = E26316551F135C3000CA799E /* Project object */;
}
